// !$*UTF8*$!
{
	archiveVersion = 1;
	classes = {
	};
	objectVersion = 46;
	objects = {

/* Begin PBXBuildFile section */
		560F92CB1E94DF7E0077EADF /* RxGRDB.h in Headers */ = {isa = PBXBuildFile; fileRef = 565029181E8FDF5600615A2C /* RxGRDB.h */; settings = {ATTRIBUTES = (Public, ); }; };
		560F92CC1E94DF830077EADF /* Request+Rx.swift in Sources */ = {isa = PBXBuildFile; fileRef = 565029B91E91265A00615A2C /* Request+Rx.swift */; };
		560F92CF1E94DF830077EADF /* TypedRequest+Rx.swift in Sources */ = {isa = PBXBuildFile; fileRef = 565029B21E8FE12C00615A2C /* TypedRequest+Rx.swift */; };
		561782571F655DAC00CEAA55 /* DiffSupport.swift in Sources */ = {isa = PBXBuildFile; fileRef = 561782561F655DAC00CEAA55 /* DiffSupport.swift */; };
		561782581F655DAC00CEAA55 /* DiffSupport.swift in Sources */ = {isa = PBXBuildFile; fileRef = 561782561F655DAC00CEAA55 /* DiffSupport.swift */; };
		5617825D1F6566EA00CEAA55 /* PrimaryKeyDiffScanner.swift in Sources */ = {isa = PBXBuildFile; fileRef = 5617825C1F6566EA00CEAA55 /* PrimaryKeyDiffScanner.swift */; };
		5617825E1F6566EA00CEAA55 /* PrimaryKeyDiffScanner.swift in Sources */ = {isa = PBXBuildFile; fileRef = 5617825C1F6566EA00CEAA55 /* PrimaryKeyDiffScanner.swift */; };
		562755DC1E962BFD0035B653 /* RxGRDB.framework in Frameworks */ = {isa = PBXBuildFile; fileRef = 560F92C31E94DF280077EADF /* RxGRDB.framework */; };
		562756041E962C5B0035B653 /* RequestTests.swift in Sources */ = {isa = PBXBuildFile; fileRef = 565029231E8FDF5600615A2C /* RequestTests.swift */; };
		562756061E962C5B0035B653 /* Support.swift in Sources */ = {isa = PBXBuildFile; fileRef = 565029C31E9130F600615A2C /* Support.swift */; };
		562756081E962C5B0035B653 /* TypedRequestTests.swift in Sources */ = {isa = PBXBuildFile; fileRef = 565029C51E91318F00615A2C /* TypedRequestTests.swift */; };
		562756581E963C1B0035B653 /* Result.swift in Sources */ = {isa = PBXBuildFile; fileRef = 562756571E963C1B0035B653 /* Result.swift */; };
		562756591E963C1B0035B653 /* Result.swift in Sources */ = {isa = PBXBuildFile; fileRef = 562756571E963C1B0035B653 /* Result.swift */; };
		562EA7F51F17A2A600FA528C /* FetchToken.swift in Sources */ = {isa = PBXBuildFile; fileRef = 565933ED1F0D72A400707571 /* FetchToken.swift */; };
		564E73AE203C99A7000C443C /* PThreadMutex.swift in Sources */ = {isa = PBXBuildFile; fileRef = 564E73AD203C99A7000C443C /* PThreadMutex.swift */; };
		564E73AF203C99A7000C443C /* PThreadMutex.swift in Sources */ = {isa = PBXBuildFile; fileRef = 564E73AD203C99A7000C443C /* PThreadMutex.swift */; };
		5650291F1E8FDF5600615A2C /* RxGRDB.framework in Frameworks */ = {isa = PBXBuildFile; fileRef = 565029151E8FDF5600615A2C /* RxGRDB.framework */; };
		565029241E8FDF5600615A2C /* RequestTests.swift in Sources */ = {isa = PBXBuildFile; fileRef = 565029231E8FDF5600615A2C /* RequestTests.swift */; };
		565029261E8FDF5600615A2C /* RxGRDB.h in Headers */ = {isa = PBXBuildFile; fileRef = 565029181E8FDF5600615A2C /* RxGRDB.h */; settings = {ATTRIBUTES = (Public, ); }; };
		565029B31E8FE12C00615A2C /* TypedRequest+Rx.swift in Sources */ = {isa = PBXBuildFile; fileRef = 565029B21E8FE12C00615A2C /* TypedRequest+Rx.swift */; };
		565029BA1E91265A00615A2C /* Request+Rx.swift in Sources */ = {isa = PBXBuildFile; fileRef = 565029B91E91265A00615A2C /* Request+Rx.swift */; };
		565029C41E9130F600615A2C /* Support.swift in Sources */ = {isa = PBXBuildFile; fileRef = 565029C31E9130F600615A2C /* Support.swift */; };
		565029C61E91318F00615A2C /* TypedRequestTests.swift in Sources */ = {isa = PBXBuildFile; fileRef = 565029C51E91318F00615A2C /* TypedRequestTests.swift */; };
		565933EE1F0D72A400707571 /* FetchToken.swift in Sources */ = {isa = PBXBuildFile; fileRef = 565933ED1F0D72A400707571 /* FetchToken.swift */; };
		565934181F0E157800707571 /* FetchTokensObservable.swift in Sources */ = {isa = PBXBuildFile; fileRef = 565934171F0E157800707571 /* FetchTokensObservable.swift */; };
		565934191F0E157800707571 /* FetchTokensObservable.swift in Sources */ = {isa = PBXBuildFile; fileRef = 565934171F0E157800707571 /* FetchTokensObservable.swift */; };
		565934451F0EB6BC00707571 /* DatabaseWriterTests.swift in Sources */ = {isa = PBXBuildFile; fileRef = 565934441F0EB6BC00707571 /* DatabaseWriterTests.swift */; };
		565934461F0EB6BC00707571 /* DatabaseWriterTests.swift in Sources */ = {isa = PBXBuildFile; fileRef = 565934441F0EB6BC00707571 /* DatabaseWriterTests.swift */; };
		565934481F0F419600707571 /* FetchTokenTests.swift in Sources */ = {isa = PBXBuildFile; fileRef = 565934471F0F419600707571 /* FetchTokenTests.swift */; };
		565934491F0F419600707571 /* FetchTokenTests.swift in Sources */ = {isa = PBXBuildFile; fileRef = 565934471F0F419600707571 /* FetchTokenTests.swift */; };
		567043E21F66A7B9000A44BA /* RowValueTests.swift in Sources */ = {isa = PBXBuildFile; fileRef = 567043E11F66A7B9000A44BA /* RowValueTests.swift */; };
		567043E31F66A7B9000A44BA /* RowValueTests.swift in Sources */ = {isa = PBXBuildFile; fileRef = 567043E11F66A7B9000A44BA /* RowValueTests.swift */; };
		569E8511200A695A0028D1EC /* ChangesObservable.swift in Sources */ = {isa = PBXBuildFile; fileRef = 569E8510200A695A0028D1EC /* ChangesObservable.swift */; };
		569E8512200A695A0028D1EC /* ChangesObservable.swift in Sources */ = {isa = PBXBuildFile; fileRef = 569E8510200A695A0028D1EC /* ChangesObservable.swift */; };
		569E8514200A69D20028D1EC /* DatabaseRegionObserver.swift in Sources */ = {isa = PBXBuildFile; fileRef = 569E8513200A69D20028D1EC /* DatabaseRegionObserver.swift */; };
		569E8515200A69D20028D1EC /* DatabaseRegionObserver.swift in Sources */ = {isa = PBXBuildFile; fileRef = 569E8513200A69D20028D1EC /* DatabaseRegionObserver.swift */; };
		56DBA52F1F0BB02200C90A18 /* MapFetch.swift in Sources */ = {isa = PBXBuildFile; fileRef = 56DBA52E1F0BB02200C90A18 /* MapFetch.swift */; };
		56DBA5301F0BB02200C90A18 /* MapFetch.swift in Sources */ = {isa = PBXBuildFile; fileRef = 56DBA52E1F0BB02200C90A18 /* MapFetch.swift */; };
		56DBA5421F0BF12B00C90A18 /* GRDB+Rx.swift in Sources */ = {isa = PBXBuildFile; fileRef = 56DBA5411F0BF12B00C90A18 /* GRDB+Rx.swift */; };
		56DBA5431F0BF12B00C90A18 /* GRDB+Rx.swift in Sources */ = {isa = PBXBuildFile; fileRef = 56DBA5411F0BF12B00C90A18 /* GRDB+Rx.swift */; };
		56DBA5671F0BF1A500C90A18 /* DatabaseWriter+Rx.swift in Sources */ = {isa = PBXBuildFile; fileRef = 56DBA5661F0BF1A500C90A18 /* DatabaseWriter+Rx.swift */; };
		56DBA5681F0BF1A500C90A18 /* DatabaseWriter+Rx.swift in Sources */ = {isa = PBXBuildFile; fileRef = 56DBA5661F0BF1A500C90A18 /* DatabaseWriter+Rx.swift */; };
		A362BD5B2DEFD11686782D1A /* Pods_RxGRDBmacOS.framework in Frameworks */ = {isa = PBXBuildFile; fileRef = 2AA8B516D1A1DA52925A30C9 /* Pods_RxGRDBmacOS.framework */; };
		A4B026157539E608ECC97D62 /* Pods_RxGRDBiOSTests.framework in Frameworks */ = {isa = PBXBuildFile; fileRef = 02EC464A1CA3B744FF371822 /* Pods_RxGRDBiOSTests.framework */; };
		BCEC800F7000170F0EE210B3 /* Pods_RxGRDBiOS.framework in Frameworks */ = {isa = PBXBuildFile; fileRef = 6949C145CE7FB5807620153C /* Pods_RxGRDBiOS.framework */; };
		D05BDD9472F3AF41330D4E57 /* Pods_RxGRDBmacOSTests.framework in Frameworks */ = {isa = PBXBuildFile; fileRef = AAEFACDBCE1B5869FDBBBE23 /* Pods_RxGRDBmacOSTests.framework */; };
/* End PBXBuildFile section */

/* Begin PBXContainerItemProxy section */
		562755DD1E962BFD0035B653 /* PBXContainerItemProxy */ = {
			isa = PBXContainerItemProxy;
			containerPortal = 5650290C1E8FDF5600615A2C /* Project object */;
			proxyType = 1;
			remoteGlobalIDString = 560F92C21E94DF280077EADF;
			remoteInfo = RxGRDBmacOS;
		};
		565029201E8FDF5600615A2C /* PBXContainerItemProxy */ = {
			isa = PBXContainerItemProxy;
			containerPortal = 5650290C1E8FDF5600615A2C /* Project object */;
			proxyType = 1;
			remoteGlobalIDString = 565029141E8FDF5600615A2C;
			remoteInfo = RxGRDB;
		};
/* End PBXContainerItemProxy section */

/* Begin PBXFileReference section */
		02EC464A1CA3B744FF371822 /* Pods_RxGRDBiOSTests.framework */ = {isa = PBXFileReference; explicitFileType = wrapper.framework; includeInIndex = 0; path = Pods_RxGRDBiOSTests.framework; sourceTree = BUILT_PRODUCTS_DIR; };
		0DA0ED10C004EFF9F528878D /* Pods-RxGRDBmacOS.debug.xcconfig */ = {isa = PBXFileReference; includeInIndex = 1; lastKnownFileType = text.xcconfig; name = "Pods-RxGRDBmacOS.debug.xcconfig"; path = "Pods/Target Support Files/Pods-RxGRDBmacOS/Pods-RxGRDBmacOS.debug.xcconfig"; sourceTree = "<group>"; };
		147DC2F8FEE7ED4D187504B2 /* Pods-RxGRDBmacOSTests.release.xcconfig */ = {isa = PBXFileReference; includeInIndex = 1; lastKnownFileType = text.xcconfig; name = "Pods-RxGRDBmacOSTests.release.xcconfig"; path = "Pods/Target Support Files/Pods-RxGRDBmacOSTests/Pods-RxGRDBmacOSTests.release.xcconfig"; sourceTree = "<group>"; };
		2AA8B516D1A1DA52925A30C9 /* Pods_RxGRDBmacOS.framework */ = {isa = PBXFileReference; explicitFileType = wrapper.framework; includeInIndex = 0; path = Pods_RxGRDBmacOS.framework; sourceTree = BUILT_PRODUCTS_DIR; };
		4789D0D96DEAF7A731A24AC7 /* Pods-RxGRDBiOS.release.xcconfig */ = {isa = PBXFileReference; includeInIndex = 1; lastKnownFileType = text.xcconfig; name = "Pods-RxGRDBiOS.release.xcconfig"; path = "Pods/Target Support Files/Pods-RxGRDBiOS/Pods-RxGRDBiOS.release.xcconfig"; sourceTree = "<group>"; };
		560F92C31E94DF280077EADF /* RxGRDB.framework */ = {isa = PBXFileReference; explicitFileType = wrapper.framework; includeInIndex = 0; path = RxGRDB.framework; sourceTree = BUILT_PRODUCTS_DIR; };
		561782561F655DAC00CEAA55 /* DiffSupport.swift */ = {isa = PBXFileReference; lastKnownFileType = sourcecode.swift; path = DiffSupport.swift; sourceTree = "<group>"; };
		5617825C1F6566EA00CEAA55 /* PrimaryKeyDiffScanner.swift */ = {isa = PBXFileReference; lastKnownFileType = sourcecode.swift; path = PrimaryKeyDiffScanner.swift; sourceTree = "<group>"; };
		562755D71E962BFD0035B653 /* RxGRDBmacOSTests.xctest */ = {isa = PBXFileReference; explicitFileType = wrapper.cfbundle; includeInIndex = 0; path = RxGRDBmacOSTests.xctest; sourceTree = BUILT_PRODUCTS_DIR; };
		562756571E963C1B0035B653 /* Result.swift */ = {isa = PBXFileReference; fileEncoding = 4; lastKnownFileType = sourcecode.swift; path = Result.swift; sourceTree = "<group>"; };
		564E73AD203C99A7000C443C /* PThreadMutex.swift */ = {isa = PBXFileReference; lastKnownFileType = sourcecode.swift; path = PThreadMutex.swift; sourceTree = "<group>"; };
		565029151E8FDF5600615A2C /* RxGRDB.framework */ = {isa = PBXFileReference; explicitFileType = wrapper.framework; includeInIndex = 0; path = RxGRDB.framework; sourceTree = BUILT_PRODUCTS_DIR; };
		565029181E8FDF5600615A2C /* RxGRDB.h */ = {isa = PBXFileReference; lastKnownFileType = sourcecode.c.h; path = RxGRDB.h; sourceTree = "<group>"; };
		565029191E8FDF5600615A2C /* Info.plist */ = {isa = PBXFileReference; lastKnownFileType = text.plist.xml; path = Info.plist; sourceTree = "<group>"; };
		5650291E1E8FDF5600615A2C /* RxGRDBiOSTests.xctest */ = {isa = PBXFileReference; explicitFileType = wrapper.cfbundle; includeInIndex = 0; path = RxGRDBiOSTests.xctest; sourceTree = BUILT_PRODUCTS_DIR; };
		565029231E8FDF5600615A2C /* RequestTests.swift */ = {isa = PBXFileReference; lastKnownFileType = sourcecode.swift; path = RequestTests.swift; sourceTree = "<group>"; };
		565029251E8FDF5600615A2C /* Info.plist */ = {isa = PBXFileReference; lastKnownFileType = text.plist.xml; path = Info.plist; sourceTree = "<group>"; };
		565029B21E8FE12C00615A2C /* TypedRequest+Rx.swift */ = {isa = PBXFileReference; fileEncoding = 4; lastKnownFileType = sourcecode.swift; path = "TypedRequest+Rx.swift"; sourceTree = "<group>"; };
		565029B91E91265A00615A2C /* Request+Rx.swift */ = {isa = PBXFileReference; fileEncoding = 4; lastKnownFileType = sourcecode.swift; path = "Request+Rx.swift"; sourceTree = "<group>"; };
		565029C31E9130F600615A2C /* Support.swift */ = {isa = PBXFileReference; fileEncoding = 4; lastKnownFileType = sourcecode.swift; path = Support.swift; sourceTree = "<group>"; };
		565029C51E91318F00615A2C /* TypedRequestTests.swift */ = {isa = PBXFileReference; fileEncoding = 4; lastKnownFileType = sourcecode.swift; path = TypedRequestTests.swift; sourceTree = "<group>"; };
		565933ED1F0D72A400707571 /* FetchToken.swift */ = {isa = PBXFileReference; fileEncoding = 4; lastKnownFileType = sourcecode.swift; path = FetchToken.swift; sourceTree = "<group>"; };
		565934171F0E157800707571 /* FetchTokensObservable.swift */ = {isa = PBXFileReference; fileEncoding = 4; lastKnownFileType = sourcecode.swift; path = FetchTokensObservable.swift; sourceTree = "<group>"; };
		565934441F0EB6BC00707571 /* DatabaseWriterTests.swift */ = {isa = PBXFileReference; fileEncoding = 4; lastKnownFileType = sourcecode.swift; path = DatabaseWriterTests.swift; sourceTree = "<group>"; };
		565934471F0F419600707571 /* FetchTokenTests.swift */ = {isa = PBXFileReference; fileEncoding = 4; lastKnownFileType = sourcecode.swift; path = FetchTokenTests.swift; sourceTree = "<group>"; };
		567043E11F66A7B9000A44BA /* RowValueTests.swift */ = {isa = PBXFileReference; lastKnownFileType = sourcecode.swift; path = RowValueTests.swift; sourceTree = "<group>"; };
		569E8510200A695A0028D1EC /* ChangesObservable.swift */ = {isa = PBXFileReference; lastKnownFileType = sourcecode.swift; path = ChangesObservable.swift; sourceTree = "<group>"; };
		569E8513200A69D20028D1EC /* DatabaseRegionObserver.swift */ = {isa = PBXFileReference; lastKnownFileType = sourcecode.swift; path = DatabaseRegionObserver.swift; sourceTree = "<group>"; };
		56D65F031EF8F5740098466C /* RxGRDB.podspec */ = {isa = PBXFileReference; lastKnownFileType = text; path = RxGRDB.podspec; sourceTree = "<group>"; };
		56D65F261EF8F5C60098466C /* CHANGELOG.md */ = {isa = PBXFileReference; lastKnownFileType = net.daringfireball.markdown; path = CHANGELOG.md; sourceTree = "<group>"; };
		56DBA52E1F0BB02200C90A18 /* MapFetch.swift */ = {isa = PBXFileReference; fileEncoding = 4; lastKnownFileType = sourcecode.swift; path = MapFetch.swift; sourceTree = "<group>"; };
		56DBA5311F0BC0C000C90A18 /* TODO.md */ = {isa = PBXFileReference; lastKnownFileType = net.daringfireball.markdown; path = TODO.md; sourceTree = "<group>"; };
		56DBA5411F0BF12B00C90A18 /* GRDB+Rx.swift */ = {isa = PBXFileReference; fileEncoding = 4; lastKnownFileType = sourcecode.swift; path = "GRDB+Rx.swift"; sourceTree = "<group>"; };
		56DBA5661F0BF1A500C90A18 /* DatabaseWriter+Rx.swift */ = {isa = PBXFileReference; fileEncoding = 4; lastKnownFileType = sourcecode.swift; path = "DatabaseWriter+Rx.swift"; sourceTree = "<group>"; };
		5A188A66CB167C18650FBE5B /* Pods-RxGRDBiOSTests.debug.xcconfig */ = {isa = PBXFileReference; includeInIndex = 1; lastKnownFileType = text.xcconfig; name = "Pods-RxGRDBiOSTests.debug.xcconfig"; path = "Pods/Target Support Files/Pods-RxGRDBiOSTests/Pods-RxGRDBiOSTests.debug.xcconfig"; sourceTree = "<group>"; };
		6949C145CE7FB5807620153C /* Pods_RxGRDBiOS.framework */ = {isa = PBXFileReference; explicitFileType = wrapper.framework; includeInIndex = 0; path = Pods_RxGRDBiOS.framework; sourceTree = BUILT_PRODUCTS_DIR; };
		7BF0D0B1F6507696ECEC3D45 /* Pods-RxGRDBmacOSTests.debug.xcconfig */ = {isa = PBXFileReference; includeInIndex = 1; lastKnownFileType = text.xcconfig; name = "Pods-RxGRDBmacOSTests.debug.xcconfig"; path = "Pods/Target Support Files/Pods-RxGRDBmacOSTests/Pods-RxGRDBmacOSTests.debug.xcconfig"; sourceTree = "<group>"; };
		A12E0244D0A25698E6AEEC3F /* Pods-RxGRDBiOS.debug.xcconfig */ = {isa = PBXFileReference; includeInIndex = 1; lastKnownFileType = text.xcconfig; name = "Pods-RxGRDBiOS.debug.xcconfig"; path = "Pods/Target Support Files/Pods-RxGRDBiOS/Pods-RxGRDBiOS.debug.xcconfig"; sourceTree = "<group>"; };
		AAEFACDBCE1B5869FDBBBE23 /* Pods_RxGRDBmacOSTests.framework */ = {isa = PBXFileReference; explicitFileType = wrapper.framework; includeInIndex = 0; path = Pods_RxGRDBmacOSTests.framework; sourceTree = BUILT_PRODUCTS_DIR; };
		D3E31D2DE049063A8E9E3ABF /* Pods-RxGRDBmacOS.release.xcconfig */ = {isa = PBXFileReference; includeInIndex = 1; lastKnownFileType = text.xcconfig; name = "Pods-RxGRDBmacOS.release.xcconfig"; path = "Pods/Target Support Files/Pods-RxGRDBmacOS/Pods-RxGRDBmacOS.release.xcconfig"; sourceTree = "<group>"; };
		D96EE370B2A6F2DC8FABF36B /* Pods-RxGRDBiOSTests.release.xcconfig */ = {isa = PBXFileReference; includeInIndex = 1; lastKnownFileType = text.xcconfig; name = "Pods-RxGRDBiOSTests.release.xcconfig"; path = "Pods/Target Support Files/Pods-RxGRDBiOSTests/Pods-RxGRDBiOSTests.release.xcconfig"; sourceTree = "<group>"; };
/* End PBXFileReference section */

/* Begin PBXFrameworksBuildPhase section */
		560F92BF1E94DF280077EADF /* Frameworks */ = {
			isa = PBXFrameworksBuildPhase;
			buildActionMask = 2147483647;
			files = (
				A362BD5B2DEFD11686782D1A /* Pods_RxGRDBmacOS.framework in Frameworks */,
			);
			runOnlyForDeploymentPostprocessing = 0;
		};
		562755D41E962BFD0035B653 /* Frameworks */ = {
			isa = PBXFrameworksBuildPhase;
			buildActionMask = 2147483647;
			files = (
				562755DC1E962BFD0035B653 /* RxGRDB.framework in Frameworks */,
				D05BDD9472F3AF41330D4E57 /* Pods_RxGRDBmacOSTests.framework in Frameworks */,
			);
			runOnlyForDeploymentPostprocessing = 0;
		};
		565029111E8FDF5600615A2C /* Frameworks */ = {
			isa = PBXFrameworksBuildPhase;
			buildActionMask = 2147483647;
			files = (
				BCEC800F7000170F0EE210B3 /* Pods_RxGRDBiOS.framework in Frameworks */,
			);
			runOnlyForDeploymentPostprocessing = 0;
		};
		5650291B1E8FDF5600615A2C /* Frameworks */ = {
			isa = PBXFrameworksBuildPhase;
			buildActionMask = 2147483647;
			files = (
				5650291F1E8FDF5600615A2C /* RxGRDB.framework in Frameworks */,
				A4B026157539E608ECC97D62 /* Pods_RxGRDBiOSTests.framework in Frameworks */,
			);
			runOnlyForDeploymentPostprocessing = 0;
		};
/* End PBXFrameworksBuildPhase section */

/* Begin PBXGroup section */
		560F92D91E9509990077EADF /* Support */ = {
			isa = PBXGroup;
			children = (
				565029181E8FDF5600615A2C /* RxGRDB.h */,
				565029191E8FDF5600615A2C /* Info.plist */,
			);
			name = Support;
			sourceTree = "<group>";
		};
		5650290B1E8FDF5600615A2C = {
			isa = PBXGroup;
			children = (
				56D65F031EF8F5740098466C /* RxGRDB.podspec */,
				56D65F261EF8F5C60098466C /* CHANGELOG.md */,
				56DBA5311F0BC0C000C90A18 /* TODO.md */,
				565029171E8FDF5600615A2C /* RxGRDB */,
				565029221E8FDF5600615A2C /* Tests */,
				565029161E8FDF5600615A2C /* Products */,
				99591BC2758D6AF8761725F3 /* Pods */,
				99C21AA99C806FFA9FF83F19 /* Frameworks */,
			);
			sourceTree = "<group>";
		};
		565029161E8FDF5600615A2C /* Products */ = {
			isa = PBXGroup;
			children = (
				565029151E8FDF5600615A2C /* RxGRDB.framework */,
				5650291E1E8FDF5600615A2C /* RxGRDBiOSTests.xctest */,
				560F92C31E94DF280077EADF /* RxGRDB.framework */,
				562755D71E962BFD0035B653 /* RxGRDBmacOSTests.xctest */,
			);
			name = Products;
			sourceTree = "<group>";
		};
		565029171E8FDF5600615A2C /* RxGRDB */ = {
			isa = PBXGroup;
			children = (
				565933ED1F0D72A400707571 /* FetchToken.swift */,
				56DBA5661F0BF1A500C90A18 /* DatabaseWriter+Rx.swift */,
				56DBA5411F0BF12B00C90A18 /* GRDB+Rx.swift */,
				5617825C1F6566EA00CEAA55 /* PrimaryKeyDiffScanner.swift */,
				565029B91E91265A00615A2C /* Request+Rx.swift */,
				565029B21E8FE12C00615A2C /* TypedRequest+Rx.swift */,
				56DBA5691F0BF1EF00C90A18 /* Implementations */,
				56DBA56A1F0BF20500C90A18 /* Lib */,
				560F92D91E9509990077EADF /* Support */,
			);
			path = RxGRDB;
			sourceTree = "<group>";
		};
		565029221E8FDF5600615A2C /* Tests */ = {
			isa = PBXGroup;
			children = (
				565934441F0EB6BC00707571 /* DatabaseWriterTests.swift */,
				565934471F0F419600707571 /* FetchTokenTests.swift */,
				565029231E8FDF5600615A2C /* RequestTests.swift */,
				567043E11F66A7B9000A44BA /* RowValueTests.swift */,
				565934431F0EB29E00707571 /* Support */,
				565029C31E9130F600615A2C /* Support.swift */,
				565029C51E91318F00615A2C /* TypedRequestTests.swift */,
			);
			path = Tests;
			sourceTree = "<group>";
		};
		565934431F0EB29E00707571 /* Support */ = {
			isa = PBXGroup;
			children = (
				565029251E8FDF5600615A2C /* Info.plist */,
			);
			name = Support;
			sourceTree = "<group>";
		};
		56DBA5691F0BF1EF00C90A18 /* Implementations */ = {
			isa = PBXGroup;
			children = (
				569E8510200A695A0028D1EC /* ChangesObservable.swift */,
				569E8513200A69D20028D1EC /* DatabaseRegionObserver.swift */,
				561782561F655DAC00CEAA55 /* DiffSupport.swift */,
				565934171F0E157800707571 /* FetchTokensObservable.swift */,
				56DBA52E1F0BB02200C90A18 /* MapFetch.swift */,
			);
			name = Implementations;
			sourceTree = "<group>";
		};
		56DBA56A1F0BF20500C90A18 /* Lib */ = {
			isa = PBXGroup;
			children = (
				564E73AD203C99A7000C443C /* PThreadMutex.swift */,
				562756571E963C1B0035B653 /* Result.swift */,
			);
			name = Lib;
			sourceTree = "<group>";
		};
		99591BC2758D6AF8761725F3 /* Pods */ = {
			isa = PBXGroup;
			children = (
				A12E0244D0A25698E6AEEC3F /* Pods-RxGRDBiOS.debug.xcconfig */,
				4789D0D96DEAF7A731A24AC7 /* Pods-RxGRDBiOS.release.xcconfig */,
				5A188A66CB167C18650FBE5B /* Pods-RxGRDBiOSTests.debug.xcconfig */,
				D96EE370B2A6F2DC8FABF36B /* Pods-RxGRDBiOSTests.release.xcconfig */,
				0DA0ED10C004EFF9F528878D /* Pods-RxGRDBmacOS.debug.xcconfig */,
				D3E31D2DE049063A8E9E3ABF /* Pods-RxGRDBmacOS.release.xcconfig */,
				7BF0D0B1F6507696ECEC3D45 /* Pods-RxGRDBmacOSTests.debug.xcconfig */,
				147DC2F8FEE7ED4D187504B2 /* Pods-RxGRDBmacOSTests.release.xcconfig */,
			);
			name = Pods;
			sourceTree = "<group>";
		};
		99C21AA99C806FFA9FF83F19 /* Frameworks */ = {
			isa = PBXGroup;
			children = (
				6949C145CE7FB5807620153C /* Pods_RxGRDBiOS.framework */,
				02EC464A1CA3B744FF371822 /* Pods_RxGRDBiOSTests.framework */,
				2AA8B516D1A1DA52925A30C9 /* Pods_RxGRDBmacOS.framework */,
				AAEFACDBCE1B5869FDBBBE23 /* Pods_RxGRDBmacOSTests.framework */,
			);
			name = Frameworks;
			sourceTree = "<group>";
		};
/* End PBXGroup section */

/* Begin PBXHeadersBuildPhase section */
		560F92C01E94DF280077EADF /* Headers */ = {
			isa = PBXHeadersBuildPhase;
			buildActionMask = 2147483647;
			files = (
				560F92CB1E94DF7E0077EADF /* RxGRDB.h in Headers */,
			);
			runOnlyForDeploymentPostprocessing = 0;
		};
		565029121E8FDF5600615A2C /* Headers */ = {
			isa = PBXHeadersBuildPhase;
			buildActionMask = 2147483647;
			files = (
				565029261E8FDF5600615A2C /* RxGRDB.h in Headers */,
			);
			runOnlyForDeploymentPostprocessing = 0;
		};
/* End PBXHeadersBuildPhase section */

/* Begin PBXNativeTarget section */
		560F92C21E94DF280077EADF /* RxGRDBmacOS */ = {
			isa = PBXNativeTarget;
			buildConfigurationList = 560F92C81E94DF290077EADF /* Build configuration list for PBXNativeTarget "RxGRDBmacOS" */;
			buildPhases = (
				0621673C38EB423699519058 /* [CP] Check Pods Manifest.lock */,
				560F92BE1E94DF280077EADF /* Sources */,
				560F92BF1E94DF280077EADF /* Frameworks */,
				560F92C01E94DF280077EADF /* Headers */,
				560F92C11E94DF280077EADF /* Resources */,
				D92C0D30D0E7FE617C6103EC /* [CP] Copy Pods Resources */,
			);
			buildRules = (
			);
			dependencies = (
			);
			name = RxGRDBmacOS;
			productName = RxGRDB;
			productReference = 560F92C31E94DF280077EADF /* RxGRDB.framework */;
			productType = "com.apple.product-type.framework";
		};
		562755D61E962BFD0035B653 /* RxGRDBmacOSTests */ = {
			isa = PBXNativeTarget;
			buildConfigurationList = 562756031E962BFD0035B653 /* Build configuration list for PBXNativeTarget "RxGRDBmacOSTests" */;
			buildPhases = (
				BF9D8B4ADD1115DABDFCE9F0 /* [CP] Check Pods Manifest.lock */,
				562755D31E962BFD0035B653 /* Sources */,
				562755D41E962BFD0035B653 /* Frameworks */,
				562755D51E962BFD0035B653 /* Resources */,
				9324F24F42A42F903085A163 /* [CP] Embed Pods Frameworks */,
				D0A8F3116F60649A900BA622 /* [CP] Copy Pods Resources */,
			);
			buildRules = (
			);
			dependencies = (
				562755DE1E962BFD0035B653 /* PBXTargetDependency */,
			);
			name = RxGRDBmacOSTests;
			productName = RxGRDBTests;
			productReference = 562755D71E962BFD0035B653 /* RxGRDBmacOSTests.xctest */;
			productType = "com.apple.product-type.bundle.unit-test";
		};
		565029141E8FDF5600615A2C /* RxGRDBiOS */ = {
			isa = PBXNativeTarget;
			buildConfigurationList = 565029291E8FDF5600615A2C /* Build configuration list for PBXNativeTarget "RxGRDBiOS" */;
			buildPhases = (
				5E591F0B5385CFB07E43F16C /* [CP] Check Pods Manifest.lock */,
				565029101E8FDF5600615A2C /* Sources */,
				565029111E8FDF5600615A2C /* Frameworks */,
				565029121E8FDF5600615A2C /* Headers */,
				565029131E8FDF5600615A2C /* Resources */,
				2992BF668ACC54FBCA10B7E0 /* [CP] Copy Pods Resources */,
			);
			buildRules = (
			);
			dependencies = (
			);
			name = RxGRDBiOS;
			productName = RxGRDB;
			productReference = 565029151E8FDF5600615A2C /* RxGRDB.framework */;
			productType = "com.apple.product-type.framework";
		};
		5650291D1E8FDF5600615A2C /* RxGRDBiOSTests */ = {
			isa = PBXNativeTarget;
			buildConfigurationList = 5650292C1E8FDF5600615A2C /* Build configuration list for PBXNativeTarget "RxGRDBiOSTests" */;
			buildPhases = (
				35D4423601C315F8BDDE2301 /* [CP] Check Pods Manifest.lock */,
				5650291A1E8FDF5600615A2C /* Sources */,
				5650291B1E8FDF5600615A2C /* Frameworks */,
				5650291C1E8FDF5600615A2C /* Resources */,
				2DC3B64874F5936E61D2E6AE /* [CP] Embed Pods Frameworks */,
				556660BF4928A22DC6C1F1FF /* [CP] Copy Pods Resources */,
			);
			buildRules = (
			);
			dependencies = (
				565029211E8FDF5600615A2C /* PBXTargetDependency */,
			);
			name = RxGRDBiOSTests;
			productName = RxGRDBTests;
			productReference = 5650291E1E8FDF5600615A2C /* RxGRDBiOSTests.xctest */;
			productType = "com.apple.product-type.bundle.unit-test";
		};
/* End PBXNativeTarget section */

/* Begin PBXProject section */
		5650290C1E8FDF5600615A2C /* Project object */ = {
			isa = PBXProject;
			attributes = {
				LastSwiftUpdateCheck = 0830;
				LastUpgradeCheck = 0900;
				ORGANIZATIONNAME = "Gwendal Roué";
				TargetAttributes = {
					560F92C21E94DF280077EADF = {
						CreatedOnToolsVersion = 8.3;
						ProvisioningStyle = Automatic;
					};
					562755D61E962BFD0035B653 = {
						CreatedOnToolsVersion = 8.3;
						ProvisioningStyle = Automatic;
					};
					565029141E8FDF5600615A2C = {
						CreatedOnToolsVersion = 8.3;
						DevelopmentTeam = AMD8W895CT;
						LastSwiftMigration = 0830;
						ProvisioningStyle = Automatic;
					};
					5650291D1E8FDF5600615A2C = {
						CreatedOnToolsVersion = 8.3;
						DevelopmentTeam = AMD8W895CT;
						ProvisioningStyle = Automatic;
					};
				};
			};
			buildConfigurationList = 5650290F1E8FDF5600615A2C /* Build configuration list for PBXProject "RxGRDB" */;
			compatibilityVersion = "Xcode 3.2";
			developmentRegion = English;
			hasScannedForEncodings = 0;
			knownRegions = (
				en,
			);
			mainGroup = 5650290B1E8FDF5600615A2C;
			productRefGroup = 565029161E8FDF5600615A2C /* Products */;
			projectDirPath = "";
			projectRoot = "";
			targets = (
				565029141E8FDF5600615A2C /* RxGRDBiOS */,
				5650291D1E8FDF5600615A2C /* RxGRDBiOSTests */,
				560F92C21E94DF280077EADF /* RxGRDBmacOS */,
				562755D61E962BFD0035B653 /* RxGRDBmacOSTests */,
			);
		};
/* End PBXProject section */

/* Begin PBXResourcesBuildPhase section */
		560F92C11E94DF280077EADF /* Resources */ = {
			isa = PBXResourcesBuildPhase;
			buildActionMask = 2147483647;
			files = (
			);
			runOnlyForDeploymentPostprocessing = 0;
		};
		562755D51E962BFD0035B653 /* Resources */ = {
			isa = PBXResourcesBuildPhase;
			buildActionMask = 2147483647;
			files = (
			);
			runOnlyForDeploymentPostprocessing = 0;
		};
		565029131E8FDF5600615A2C /* Resources */ = {
			isa = PBXResourcesBuildPhase;
			buildActionMask = 2147483647;
			files = (
			);
			runOnlyForDeploymentPostprocessing = 0;
		};
		5650291C1E8FDF5600615A2C /* Resources */ = {
			isa = PBXResourcesBuildPhase;
			buildActionMask = 2147483647;
			files = (
			);
			runOnlyForDeploymentPostprocessing = 0;
		};
/* End PBXResourcesBuildPhase section */

/* Begin PBXShellScriptBuildPhase section */
		0621673C38EB423699519058 /* [CP] Check Pods Manifest.lock */ = {
			isa = PBXShellScriptBuildPhase;
			buildActionMask = 2147483647;
			files = (
			);
			inputPaths = (
				"${PODS_PODFILE_DIR_PATH}/Podfile.lock",
				"${PODS_ROOT}/Manifest.lock",
			);
			name = "[CP] Check Pods Manifest.lock";
			outputPaths = (
				"$(DERIVED_FILE_DIR)/Pods-RxGRDBmacOS-checkManifestLockResult.txt",
			);
			runOnlyForDeploymentPostprocessing = 0;
			shellPath = /bin/sh;
			shellScript = "diff \"${PODS_PODFILE_DIR_PATH}/Podfile.lock\" \"${PODS_ROOT}/Manifest.lock\" > /dev/null\nif [ $? != 0 ] ; then\n    # print error to STDERR\n    echo \"error: The sandbox is not in sync with the Podfile.lock. Run 'pod install' or update your CocoaPods installation.\" >&2\n    exit 1\nfi\n# This output is used by Xcode 'outputs' to avoid re-running this script phase.\necho \"SUCCESS\" > \"${SCRIPT_OUTPUT_FILE_0}\"\n";
			showEnvVarsInLog = 0;
		};
		2992BF668ACC54FBCA10B7E0 /* [CP] Copy Pods Resources */ = {
			isa = PBXShellScriptBuildPhase;
			buildActionMask = 2147483647;
			files = (
			);
			inputPaths = (
			);
			name = "[CP] Copy Pods Resources";
			outputPaths = (
			);
			runOnlyForDeploymentPostprocessing = 0;
			shellPath = /bin/sh;
			shellScript = "\"${SRCROOT}/Pods/Target Support Files/Pods-RxGRDBiOS/Pods-RxGRDBiOS-resources.sh\"\n";
			showEnvVarsInLog = 0;
		};
		2DC3B64874F5936E61D2E6AE /* [CP] Embed Pods Frameworks */ = {
			isa = PBXShellScriptBuildPhase;
			buildActionMask = 2147483647;
			files = (
			);
			inputPaths = (
				"${SRCROOT}/Pods/Target Support Files/Pods-RxGRDBiOSTests/Pods-RxGRDBiOSTests-frameworks.sh",
				"${BUILT_PRODUCTS_DIR}/GRDB.swift-iOS/GRDB.framework",
				"${BUILT_PRODUCTS_DIR}/RxSwift-iOS/RxSwift.framework",
			);
			name = "[CP] Embed Pods Frameworks";
			outputPaths = (
				"${TARGET_BUILD_DIR}/${FRAMEWORKS_FOLDER_PATH}/GRDB.framework",
				"${TARGET_BUILD_DIR}/${FRAMEWORKS_FOLDER_PATH}/RxSwift.framework",
			);
			runOnlyForDeploymentPostprocessing = 0;
			shellPath = /bin/sh;
			shellScript = "\"${SRCROOT}/Pods/Target Support Files/Pods-RxGRDBiOSTests/Pods-RxGRDBiOSTests-frameworks.sh\"\n";
			showEnvVarsInLog = 0;
		};
		35D4423601C315F8BDDE2301 /* [CP] Check Pods Manifest.lock */ = {
			isa = PBXShellScriptBuildPhase;
			buildActionMask = 2147483647;
			files = (
			);
			inputPaths = (
				"${PODS_PODFILE_DIR_PATH}/Podfile.lock",
				"${PODS_ROOT}/Manifest.lock",
			);
			name = "[CP] Check Pods Manifest.lock";
			outputPaths = (
				"$(DERIVED_FILE_DIR)/Pods-RxGRDBiOSTests-checkManifestLockResult.txt",
			);
			runOnlyForDeploymentPostprocessing = 0;
			shellPath = /bin/sh;
			shellScript = "diff \"${PODS_PODFILE_DIR_PATH}/Podfile.lock\" \"${PODS_ROOT}/Manifest.lock\" > /dev/null\nif [ $? != 0 ] ; then\n    # print error to STDERR\n    echo \"error: The sandbox is not in sync with the Podfile.lock. Run 'pod install' or update your CocoaPods installation.\" >&2\n    exit 1\nfi\n# This output is used by Xcode 'outputs' to avoid re-running this script phase.\necho \"SUCCESS\" > \"${SCRIPT_OUTPUT_FILE_0}\"\n";
			showEnvVarsInLog = 0;
		};
		556660BF4928A22DC6C1F1FF /* [CP] Copy Pods Resources */ = {
			isa = PBXShellScriptBuildPhase;
			buildActionMask = 2147483647;
			files = (
			);
			inputPaths = (
			);
			name = "[CP] Copy Pods Resources";
			outputPaths = (
			);
			runOnlyForDeploymentPostprocessing = 0;
			shellPath = /bin/sh;
			shellScript = "\"${SRCROOT}/Pods/Target Support Files/Pods-RxGRDBiOSTests/Pods-RxGRDBiOSTests-resources.sh\"\n";
			showEnvVarsInLog = 0;
		};
		5E591F0B5385CFB07E43F16C /* [CP] Check Pods Manifest.lock */ = {
			isa = PBXShellScriptBuildPhase;
			buildActionMask = 2147483647;
			files = (
			);
			inputPaths = (
				"${PODS_PODFILE_DIR_PATH}/Podfile.lock",
				"${PODS_ROOT}/Manifest.lock",
			);
			name = "[CP] Check Pods Manifest.lock";
			outputPaths = (
				"$(DERIVED_FILE_DIR)/Pods-RxGRDBiOS-checkManifestLockResult.txt",
			);
			runOnlyForDeploymentPostprocessing = 0;
			shellPath = /bin/sh;
			shellScript = "diff \"${PODS_PODFILE_DIR_PATH}/Podfile.lock\" \"${PODS_ROOT}/Manifest.lock\" > /dev/null\nif [ $? != 0 ] ; then\n    # print error to STDERR\n    echo \"error: The sandbox is not in sync with the Podfile.lock. Run 'pod install' or update your CocoaPods installation.\" >&2\n    exit 1\nfi\n# This output is used by Xcode 'outputs' to avoid re-running this script phase.\necho \"SUCCESS\" > \"${SCRIPT_OUTPUT_FILE_0}\"\n";
			showEnvVarsInLog = 0;
		};
		9324F24F42A42F903085A163 /* [CP] Embed Pods Frameworks */ = {
			isa = PBXShellScriptBuildPhase;
			buildActionMask = 2147483647;
			files = (
			);
			inputPaths = (
				"${SRCROOT}/Pods/Target Support Files/Pods-RxGRDBmacOSTests/Pods-RxGRDBmacOSTests-frameworks.sh",
				"${BUILT_PRODUCTS_DIR}/GRDB.swift-macOS/GRDB.framework",
				"${BUILT_PRODUCTS_DIR}/RxSwift-macOS/RxSwift.framework",
			);
			name = "[CP] Embed Pods Frameworks";
			outputPaths = (
				"${TARGET_BUILD_DIR}/${FRAMEWORKS_FOLDER_PATH}/GRDB.framework",
				"${TARGET_BUILD_DIR}/${FRAMEWORKS_FOLDER_PATH}/RxSwift.framework",
			);
			runOnlyForDeploymentPostprocessing = 0;
			shellPath = /bin/sh;
			shellScript = "\"${SRCROOT}/Pods/Target Support Files/Pods-RxGRDBmacOSTests/Pods-RxGRDBmacOSTests-frameworks.sh\"\n";
			showEnvVarsInLog = 0;
		};
		BF9D8B4ADD1115DABDFCE9F0 /* [CP] Check Pods Manifest.lock */ = {
			isa = PBXShellScriptBuildPhase;
			buildActionMask = 2147483647;
			files = (
			);
			inputPaths = (
				"${PODS_PODFILE_DIR_PATH}/Podfile.lock",
				"${PODS_ROOT}/Manifest.lock",
			);
			name = "[CP] Check Pods Manifest.lock";
			outputPaths = (
				"$(DERIVED_FILE_DIR)/Pods-RxGRDBmacOSTests-checkManifestLockResult.txt",
			);
			runOnlyForDeploymentPostprocessing = 0;
			shellPath = /bin/sh;
			shellScript = "diff \"${PODS_PODFILE_DIR_PATH}/Podfile.lock\" \"${PODS_ROOT}/Manifest.lock\" > /dev/null\nif [ $? != 0 ] ; then\n    # print error to STDERR\n    echo \"error: The sandbox is not in sync with the Podfile.lock. Run 'pod install' or update your CocoaPods installation.\" >&2\n    exit 1\nfi\n# This output is used by Xcode 'outputs' to avoid re-running this script phase.\necho \"SUCCESS\" > \"${SCRIPT_OUTPUT_FILE_0}\"\n";
			showEnvVarsInLog = 0;
		};
		D0A8F3116F60649A900BA622 /* [CP] Copy Pods Resources */ = {
			isa = PBXShellScriptBuildPhase;
			buildActionMask = 2147483647;
			files = (
			);
			inputPaths = (
			);
			name = "[CP] Copy Pods Resources";
			outputPaths = (
			);
			runOnlyForDeploymentPostprocessing = 0;
			shellPath = /bin/sh;
			shellScript = "\"${SRCROOT}/Pods/Target Support Files/Pods-RxGRDBmacOSTests/Pods-RxGRDBmacOSTests-resources.sh\"\n";
			showEnvVarsInLog = 0;
		};
		D92C0D30D0E7FE617C6103EC /* [CP] Copy Pods Resources */ = {
			isa = PBXShellScriptBuildPhase;
			buildActionMask = 2147483647;
			files = (
			);
			inputPaths = (
			);
			name = "[CP] Copy Pods Resources";
			outputPaths = (
			);
			runOnlyForDeploymentPostprocessing = 0;
			shellPath = /bin/sh;
			shellScript = "\"${SRCROOT}/Pods/Target Support Files/Pods-RxGRDBmacOS/Pods-RxGRDBmacOS-resources.sh\"\n";
			showEnvVarsInLog = 0;
		};
/* End PBXShellScriptBuildPhase section */

/* Begin PBXSourcesBuildPhase section */
		560F92BE1E94DF280077EADF /* Sources */ = {
			isa = PBXSourcesBuildPhase;
			buildActionMask = 2147483647;
			files = (
				56DBA5301F0BB02200C90A18 /* MapFetch.swift in Sources */,
				562EA7F51F17A2A600FA528C /* FetchToken.swift in Sources */,
				5617825E1F6566EA00CEAA55 /* PrimaryKeyDiffScanner.swift in Sources */,
				561782581F655DAC00CEAA55 /* DiffSupport.swift in Sources */,
				560F92CC1E94DF830077EADF /* Request+Rx.swift in Sources */,
				569E8512200A695A0028D1EC /* ChangesObservable.swift in Sources */,
				565934191F0E157800707571 /* FetchTokensObservable.swift in Sources */,
				562756591E963C1B0035B653 /* Result.swift in Sources */,
				564E73AF203C99A7000C443C /* PThreadMutex.swift in Sources */,
				56DBA5681F0BF1A500C90A18 /* DatabaseWriter+Rx.swift in Sources */,
				56DBA5431F0BF12B00C90A18 /* GRDB+Rx.swift in Sources */,
				569E8515200A69D20028D1EC /* DatabaseRegionObserver.swift in Sources */,
				560F92CF1E94DF830077EADF /* TypedRequest+Rx.swift in Sources */,
			);
			runOnlyForDeploymentPostprocessing = 0;
		};
		562755D31E962BFD0035B653 /* Sources */ = {
			isa = PBXSourcesBuildPhase;
			buildActionMask = 2147483647;
			files = (
				567043E31F66A7B9000A44BA /* RowValueTests.swift in Sources */,
				565934491F0F419600707571 /* FetchTokenTests.swift in Sources */,
				562756081E962C5B0035B653 /* TypedRequestTests.swift in Sources */,
				565934461F0EB6BC00707571 /* DatabaseWriterTests.swift in Sources */,
				562756041E962C5B0035B653 /* RequestTests.swift in Sources */,
				562756061E962C5B0035B653 /* Support.swift in Sources */,
			);
			runOnlyForDeploymentPostprocessing = 0;
		};
		565029101E8FDF5600615A2C /* Sources */ = {
			isa = PBXSourcesBuildPhase;
			buildActionMask = 2147483647;
			files = (
				56DBA52F1F0BB02200C90A18 /* MapFetch.swift in Sources */,
				562756581E963C1B0035B653 /* Result.swift in Sources */,
				5617825D1F6566EA00CEAA55 /* PrimaryKeyDiffScanner.swift in Sources */,
				561782571F655DAC00CEAA55 /* DiffSupport.swift in Sources */,
				565029BA1E91265A00615A2C /* Request+Rx.swift in Sources */,
				569E8511200A695A0028D1EC /* ChangesObservable.swift in Sources */,
				56DBA5671F0BF1A500C90A18 /* DatabaseWriter+Rx.swift in Sources */,
				56DBA5421F0BF12B00C90A18 /* GRDB+Rx.swift in Sources */,
				564E73AE203C99A7000C443C /* PThreadMutex.swift in Sources */,
				565933EE1F0D72A400707571 /* FetchToken.swift in Sources */,
				565029B31E8FE12C00615A2C /* TypedRequest+Rx.swift in Sources */,
				569E8514200A69D20028D1EC /* DatabaseRegionObserver.swift in Sources */,
				565934181F0E157800707571 /* FetchTokensObservable.swift in Sources */,
			);
			runOnlyForDeploymentPostprocessing = 0;
		};
		5650291A1E8FDF5600615A2C /* Sources */ = {
			isa = PBXSourcesBuildPhase;
			buildActionMask = 2147483647;
			files = (
				567043E21F66A7B9000A44BA /* RowValueTests.swift in Sources */,
				565934481F0F419600707571 /* FetchTokenTests.swift in Sources */,
				565029C41E9130F600615A2C /* Support.swift in Sources */,
				565934451F0EB6BC00707571 /* DatabaseWriterTests.swift in Sources */,
				565029C61E91318F00615A2C /* TypedRequestTests.swift in Sources */,
				565029241E8FDF5600615A2C /* RequestTests.swift in Sources */,
			);
			runOnlyForDeploymentPostprocessing = 0;
		};
/* End PBXSourcesBuildPhase section */

/* Begin PBXTargetDependency section */
		562755DE1E962BFD0035B653 /* PBXTargetDependency */ = {
			isa = PBXTargetDependency;
			target = 560F92C21E94DF280077EADF /* RxGRDBmacOS */;
			targetProxy = 562755DD1E962BFD0035B653 /* PBXContainerItemProxy */;
		};
		565029211E8FDF5600615A2C /* PBXTargetDependency */ = {
			isa = PBXTargetDependency;
			target = 565029141E8FDF5600615A2C /* RxGRDBiOS */;
			targetProxy = 565029201E8FDF5600615A2C /* PBXContainerItemProxy */;
		};
/* End PBXTargetDependency section */

/* Begin XCBuildConfiguration section */
		560F92C91E94DF290077EADF /* Debug */ = {
			isa = XCBuildConfiguration;
			baseConfigurationReference = 0DA0ED10C004EFF9F528878D /* Pods-RxGRDBmacOS.debug.xcconfig */;
			buildSettings = {
				CODE_SIGN_IDENTITY = "-";
				COMBINE_HIDPI_IMAGES = YES;
				DEFINES_MODULE = YES;
				DYLIB_COMPATIBILITY_VERSION = 1;
				DYLIB_CURRENT_VERSION = 1;
				DYLIB_INSTALL_NAME_BASE = "@rpath";
				FRAMEWORK_VERSION = A;
				INFOPLIST_FILE = RxGRDB/Info.plist;
				INSTALL_PATH = "$(LOCAL_LIBRARY_DIR)/Frameworks";
				LD_RUNPATH_SEARCH_PATHS = "$(inherited) @executable_path/../Frameworks @loader_path/Frameworks";
				PRODUCT_BUNDLE_IDENTIFIER = com.github.groue.RxGRDB;
				PRODUCT_NAME = RxGRDB;
				SDKROOT = macosx;
				SKIP_INSTALL = YES;
				SWIFT_VERSION = 4.0;
			};
			name = Debug;
		};
		560F92CA1E94DF290077EADF /* Release */ = {
			isa = XCBuildConfiguration;
			baseConfigurationReference = D3E31D2DE049063A8E9E3ABF /* Pods-RxGRDBmacOS.release.xcconfig */;
			buildSettings = {
				CODE_SIGN_IDENTITY = "-";
				COMBINE_HIDPI_IMAGES = YES;
				DEFINES_MODULE = YES;
				DYLIB_COMPATIBILITY_VERSION = 1;
				DYLIB_CURRENT_VERSION = 1;
				DYLIB_INSTALL_NAME_BASE = "@rpath";
				FRAMEWORK_VERSION = A;
				INFOPLIST_FILE = RxGRDB/Info.plist;
				INSTALL_PATH = "$(LOCAL_LIBRARY_DIR)/Frameworks";
				LD_RUNPATH_SEARCH_PATHS = "$(inherited) @executable_path/../Frameworks @loader_path/Frameworks";
				PRODUCT_BUNDLE_IDENTIFIER = com.github.groue.RxGRDB;
				PRODUCT_NAME = RxGRDB;
				SDKROOT = macosx;
				SKIP_INSTALL = YES;
				SWIFT_VERSION = 4.0;
			};
			name = Release;
		};
		562755DF1E962BFD0035B653 /* Debug */ = {
			isa = XCBuildConfiguration;
			baseConfigurationReference = 7BF0D0B1F6507696ECEC3D45 /* Pods-RxGRDBmacOSTests.debug.xcconfig */;
			buildSettings = {
				CODE_SIGN_IDENTITY = "-";
				COMBINE_HIDPI_IMAGES = YES;
				INFOPLIST_FILE = Tests/Info.plist;
				LD_RUNPATH_SEARCH_PATHS = "$(inherited) @executable_path/../Frameworks @loader_path/../Frameworks";
				PRODUCT_BUNDLE_IDENTIFIER = com.github.groue.RxGRDBTests;
				PRODUCT_NAME = "$(TARGET_NAME)";
				SDKROOT = macosx;
				SWIFT_VERSION = 4.0;
			};
			name = Debug;
		};
		562755E01E962BFD0035B653 /* Release */ = {
			isa = XCBuildConfiguration;
			baseConfigurationReference = 147DC2F8FEE7ED4D187504B2 /* Pods-RxGRDBmacOSTests.release.xcconfig */;
			buildSettings = {
				CODE_SIGN_IDENTITY = "-";
				COMBINE_HIDPI_IMAGES = YES;
				INFOPLIST_FILE = Tests/Info.plist;
				LD_RUNPATH_SEARCH_PATHS = "$(inherited) @executable_path/../Frameworks @loader_path/../Frameworks";
				PRODUCT_BUNDLE_IDENTIFIER = com.github.groue.RxGRDBTests;
				PRODUCT_NAME = "$(TARGET_NAME)";
				SDKROOT = macosx;
				SWIFT_VERSION = 4.0;
			};
			name = Release;
		};
		565029271E8FDF5600615A2C /* Debug */ = {
			isa = XCBuildConfiguration;
			buildSettings = {
				ALWAYS_SEARCH_USER_PATHS = NO;
				CLANG_ANALYZER_NONNULL = YES;
				CLANG_ANALYZER_NUMBER_OBJECT_CONVERSION = YES_AGGRESSIVE;
				CLANG_CXX_LANGUAGE_STANDARD = "gnu++0x";
				CLANG_CXX_LIBRARY = "libc++";
				CLANG_ENABLE_MODULES = YES;
				CLANG_ENABLE_OBJC_ARC = YES;
				CLANG_WARN_BLOCK_CAPTURE_AUTORELEASING = YES;
				CLANG_WARN_BOOL_CONVERSION = YES;
				CLANG_WARN_COMMA = YES;
				CLANG_WARN_CONSTANT_CONVERSION = YES;
				CLANG_WARN_DIRECT_OBJC_ISA_USAGE = YES_ERROR;
				CLANG_WARN_DOCUMENTATION_COMMENTS = YES;
				CLANG_WARN_EMPTY_BODY = YES;
				CLANG_WARN_ENUM_CONVERSION = YES;
				CLANG_WARN_INFINITE_RECURSION = YES;
				CLANG_WARN_INT_CONVERSION = YES;
				CLANG_WARN_NON_LITERAL_NULL_CONVERSION = YES;
				CLANG_WARN_OBJC_LITERAL_CONVERSION = YES;
				CLANG_WARN_OBJC_ROOT_CLASS = YES_ERROR;
				CLANG_WARN_RANGE_LOOP_ANALYSIS = YES;
				CLANG_WARN_STRICT_PROTOTYPES = YES;
				CLANG_WARN_SUSPICIOUS_MOVE = YES;
				CLANG_WARN_UNREACHABLE_CODE = YES;
				CLANG_WARN__DUPLICATE_METHOD_MATCH = YES;
				"CODE_SIGN_IDENTITY[sdk=iphoneos*]" = "iPhone Developer";
				COPY_PHASE_STRIP = NO;
				CURRENT_PROJECT_VERSION = 1;
				DEBUG_INFORMATION_FORMAT = dwarf;
				ENABLE_STRICT_OBJC_MSGSEND = YES;
				ENABLE_TESTABILITY = YES;
				GCC_C_LANGUAGE_STANDARD = gnu99;
				GCC_DYNAMIC_NO_PIC = NO;
				GCC_NO_COMMON_BLOCKS = YES;
				GCC_OPTIMIZATION_LEVEL = 0;
				GCC_PREPROCESSOR_DEFINITIONS = (
					"DEBUG=1",
					"$(inherited)",
				);
				GCC_WARN_64_TO_32_BIT_CONVERSION = YES;
				GCC_WARN_ABOUT_RETURN_TYPE = YES_ERROR;
				GCC_WARN_UNDECLARED_SELECTOR = YES;
				GCC_WARN_UNINITIALIZED_AUTOS = YES_AGGRESSIVE;
				GCC_WARN_UNUSED_FUNCTION = YES;
				GCC_WARN_UNUSED_VARIABLE = YES;
				IPHONEOS_DEPLOYMENT_TARGET = 8.0;
				MACOSX_DEPLOYMENT_TARGET = 10.10;
				MTL_ENABLE_DEBUG_INFO = YES;
				ONLY_ACTIVE_ARCH = YES;
				SDKROOT = iphoneos;
				SWIFT_ACTIVE_COMPILATION_CONDITIONS = DEBUG;
				SWIFT_OPTIMIZATION_LEVEL = "-Onone";
				TARGETED_DEVICE_FAMILY = "1,2";
				VERSIONING_SYSTEM = "apple-generic";
				VERSION_INFO_PREFIX = "";
			};
			name = Debug;
		};
		565029281E8FDF5600615A2C /* Release */ = {
			isa = XCBuildConfiguration;
			buildSettings = {
				ALWAYS_SEARCH_USER_PATHS = NO;
				CLANG_ANALYZER_NONNULL = YES;
				CLANG_ANALYZER_NUMBER_OBJECT_CONVERSION = YES_AGGRESSIVE;
				CLANG_CXX_LANGUAGE_STANDARD = "gnu++0x";
				CLANG_CXX_LIBRARY = "libc++";
				CLANG_ENABLE_MODULES = YES;
				CLANG_ENABLE_OBJC_ARC = YES;
				CLANG_WARN_BLOCK_CAPTURE_AUTORELEASING = YES;
				CLANG_WARN_BOOL_CONVERSION = YES;
				CLANG_WARN_COMMA = YES;
				CLANG_WARN_CONSTANT_CONVERSION = YES;
				CLANG_WARN_DIRECT_OBJC_ISA_USAGE = YES_ERROR;
				CLANG_WARN_DOCUMENTATION_COMMENTS = YES;
				CLANG_WARN_EMPTY_BODY = YES;
				CLANG_WARN_ENUM_CONVERSION = YES;
				CLANG_WARN_INFINITE_RECURSION = YES;
				CLANG_WARN_INT_CONVERSION = YES;
				CLANG_WARN_NON_LITERAL_NULL_CONVERSION = YES;
				CLANG_WARN_OBJC_LITERAL_CONVERSION = YES;
				CLANG_WARN_OBJC_ROOT_CLASS = YES_ERROR;
				CLANG_WARN_RANGE_LOOP_ANALYSIS = YES;
				CLANG_WARN_STRICT_PROTOTYPES = YES;
				CLANG_WARN_SUSPICIOUS_MOVE = YES;
				CLANG_WARN_UNREACHABLE_CODE = YES;
				CLANG_WARN__DUPLICATE_METHOD_MATCH = YES;
				"CODE_SIGN_IDENTITY[sdk=iphoneos*]" = "iPhone Developer";
				COPY_PHASE_STRIP = NO;
				CURRENT_PROJECT_VERSION = 1;
				DEBUG_INFORMATION_FORMAT = "dwarf-with-dsym";
				ENABLE_NS_ASSERTIONS = NO;
				ENABLE_STRICT_OBJC_MSGSEND = YES;
				GCC_C_LANGUAGE_STANDARD = gnu99;
				GCC_NO_COMMON_BLOCKS = YES;
				GCC_WARN_64_TO_32_BIT_CONVERSION = YES;
				GCC_WARN_ABOUT_RETURN_TYPE = YES_ERROR;
				GCC_WARN_UNDECLARED_SELECTOR = YES;
				GCC_WARN_UNINITIALIZED_AUTOS = YES_AGGRESSIVE;
				GCC_WARN_UNUSED_FUNCTION = YES;
				GCC_WARN_UNUSED_VARIABLE = YES;
				IPHONEOS_DEPLOYMENT_TARGET = 8.0;
				MACOSX_DEPLOYMENT_TARGET = 10.10;
				MTL_ENABLE_DEBUG_INFO = NO;
				SDKROOT = iphoneos;
				SWIFT_OPTIMIZATION_LEVEL = "-Owholemodule";
				TARGETED_DEVICE_FAMILY = "1,2";
				VALIDATE_PRODUCT = YES;
				VERSIONING_SYSTEM = "apple-generic";
				VERSION_INFO_PREFIX = "";
			};
			name = Release;
		};
		5650292A1E8FDF5600615A2C /* Debug */ = {
			isa = XCBuildConfiguration;
			baseConfigurationReference = A12E0244D0A25698E6AEEC3F /* Pods-RxGRDBiOS.debug.xcconfig */;
			buildSettings = {
				CLANG_ENABLE_MODULES = YES;
				CODE_SIGN_IDENTITY = "";
				DEFINES_MODULE = YES;
				DEVELOPMENT_TEAM = AMD8W895CT;
				DYLIB_COMPATIBILITY_VERSION = 1;
				DYLIB_CURRENT_VERSION = 1;
				DYLIB_INSTALL_NAME_BASE = "@rpath";
				INFOPLIST_FILE = RxGRDB/Info.plist;
				INSTALL_PATH = "$(LOCAL_LIBRARY_DIR)/Frameworks";
				LD_RUNPATH_SEARCH_PATHS = "$(inherited) @executable_path/Frameworks @loader_path/Frameworks";
				PRODUCT_BUNDLE_IDENTIFIER = com.github.groue.RxGRDB;
				PRODUCT_NAME = RxGRDB;
				SKIP_INSTALL = YES;
				SWIFT_OPTIMIZATION_LEVEL = "-Onone";
				SWIFT_VERSION = 4.0;
			};
			name = Debug;
		};
		5650292B1E8FDF5600615A2C /* Release */ = {
			isa = XCBuildConfiguration;
			baseConfigurationReference = 4789D0D96DEAF7A731A24AC7 /* Pods-RxGRDBiOS.release.xcconfig */;
			buildSettings = {
				CLANG_ENABLE_MODULES = YES;
				CODE_SIGN_IDENTITY = "";
				DEFINES_MODULE = YES;
				DEVELOPMENT_TEAM = AMD8W895CT;
				DYLIB_COMPATIBILITY_VERSION = 1;
				DYLIB_CURRENT_VERSION = 1;
				DYLIB_INSTALL_NAME_BASE = "@rpath";
				INFOPLIST_FILE = RxGRDB/Info.plist;
				INSTALL_PATH = "$(LOCAL_LIBRARY_DIR)/Frameworks";
				LD_RUNPATH_SEARCH_PATHS = "$(inherited) @executable_path/Frameworks @loader_path/Frameworks";
				PRODUCT_BUNDLE_IDENTIFIER = com.github.groue.RxGRDB;
				PRODUCT_NAME = RxGRDB;
				SKIP_INSTALL = YES;
				SWIFT_VERSION = 4.0;
			};
			name = Release;
		};
		5650292D1E8FDF5600615A2C /* Debug */ = {
			isa = XCBuildConfiguration;
			baseConfigurationReference = 5A188A66CB167C18650FBE5B /* Pods-RxGRDBiOSTests.debug.xcconfig */;
			buildSettings = {
				DEVELOPMENT_TEAM = AMD8W895CT;
				INFOPLIST_FILE = Tests/Info.plist;
				LD_RUNPATH_SEARCH_PATHS = "$(inherited) @executable_path/Frameworks @loader_path/Frameworks";
				PRODUCT_BUNDLE_IDENTIFIER = com.github.groue.RxGRDBTests;
				PRODUCT_NAME = "$(TARGET_NAME)";
				SWIFT_VERSION = 4.0;
			};
			name = Debug;
		};
		5650292E1E8FDF5600615A2C /* Release */ = {
			isa = XCBuildConfiguration;
			baseConfigurationReference = D96EE370B2A6F2DC8FABF36B /* Pods-RxGRDBiOSTests.release.xcconfig */;
			buildSettings = {
				DEVELOPMENT_TEAM = AMD8W895CT;
				INFOPLIST_FILE = Tests/Info.plist;
				LD_RUNPATH_SEARCH_PATHS = "$(inherited) @executable_path/Frameworks @loader_path/Frameworks";
				PRODUCT_BUNDLE_IDENTIFIER = com.github.groue.RxGRDBTests;
				PRODUCT_NAME = "$(TARGET_NAME)";
				SWIFT_VERSION = 4.0;
			};
			name = Release;
		};
/* End XCBuildConfiguration section */

/* Begin XCConfigurationList section */
		560F92C81E94DF290077EADF /* Build configuration list for PBXNativeTarget "RxGRDBmacOS" */ = {
			isa = XCConfigurationList;
			buildConfigurations = (
				560F92C91E94DF290077EADF /* Debug */,
				560F92CA1E94DF290077EADF /* Release */,
			);
			defaultConfigurationIsVisible = 0;
			defaultConfigurationName = Release;
		};
		562756031E962BFD0035B653 /* Build configuration list for PBXNativeTarget "RxGRDBmacOSTests" */ = {
			isa = XCConfigurationList;
			buildConfigurations = (
				562755DF1E962BFD0035B653 /* Debug */,
				562755E01E962BFD0035B653 /* Release */,
			);
			defaultConfigurationIsVisible = 0;
			defaultConfigurationName = Release;
		};
		5650290F1E8FDF5600615A2C /* Build configuration list for PBXProject "RxGRDB" */ = {
			isa = XCConfigurationList;
			buildConfigurations = (
				565029271E8FDF5600615A2C /* Debug */,
				565029281E8FDF5600615A2C /* Release */,
			);
			defaultConfigurationIsVisible = 0;
			defaultConfigurationName = Release;
		};
		565029291E8FDF5600615A2C /* Build configuration list for PBXNativeTarget "RxGRDBiOS" */ = {
			isa = XCConfigurationList;
			buildConfigurations = (
				5650292A1E8FDF5600615A2C /* Debug */,
				5650292B1E8FDF5600615A2C /* Release */,
			);
			defaultConfigurationIsVisible = 0;
			defaultConfigurationName = Release;
		};
		5650292C1E8FDF5600615A2C /* Build configuration list for PBXNativeTarget "RxGRDBiOSTests" */ = {
			isa = XCConfigurationList;
			buildConfigurations = (
				5650292D1E8FDF5600615A2C /* Debug */,
				5650292E1E8FDF5600615A2C /* Release */,
			);
			defaultConfigurationIsVisible = 0;
			defaultConfigurationName = Release;
		};
/* End XCConfigurationList section */
	};
	rootObject = 5650290C1E8FDF5600615A2C /* Project object */;
}
