PODS:
  - Differ (1.4.1)
  - GRDB.swift (3.7.0):
    - GRDB.swift/standard (= 3.7.0)
  - GRDB.swift/standard (3.7.0)
  - RxGRDB (0.13.0):
    - RxGRDB/default (= 0.13.0)
    - RxSwift (~> 4.0)
  - RxGRDB/default (0.13.0):
    - GRDB.swift (~> 3.5)
    - RxSwift (~> 4.0)
  - RxSwift (4.5.0)

DEPENDENCIES:
  - Differ (~> 1.0)
  - GRDB.swift (from `https://github.com/groue/GRDB.swift.git`, branch `GRDB-4.0`)
  - RxGRDB (from `.`)
  - RxSwift (~> 4.0)

SPEC REPOS:
  https://github.com/cocoapods/specs.git:
    - Differ
    - RxSwift

EXTERNAL SOURCES:
  GRDB.swift:
    :branch: GRDB-4.0
    :git: https://github.com/groue/GRDB.swift.git
  RxGRDB:
    :path: "."

CHECKOUT OPTIONS:
  GRDB.swift:
    :commit: bdbcf682c4705d979b18b45195c2b0b49d8f7fb3
    :git: https://github.com/groue/GRDB.swift.git

SPEC CHECKSUMS:
  Differ: ca4350872e32a1aeedf3d9e2d9e47127833bfa9c
  GRDB.swift: 71ab04a6e727e34c034513c4d15901ea35eb1f0d
  RxGRDB: 2e5301d274550d0844d586a4dfa5ef0c0bd10cf0
  RxSwift: f172070dfd1a93d70a9ab97a5a01166206e1c575

PODFILE CHECKSUM: ab703e3809c7113eb0329b2a011355160f1b66d1

COCOAPODS: 1.6.1
