PODS:
  - Differ (1.2.3)
  - GRDB.swift (2.10.0)
  - RxGRDB (0.10.0):
    - RxGRDB/default (= 0.10.0)
    - RxSwift (~> 4.0)
  - RxGRDB/default (0.10.0):
    - GRDB.swift (~> 2.6)
    - RxSwift (~> 4.0)
  - RxSwift (4.1.2)

DEPENDENCIES:
  - Differ (~> 1.0)
  - GRDB.swift (from `https://github.com/groue/GRDB.swift.git`, branch `GRDB3`)
  - RxGRDB (from `.`)
  - RxSwift (~> 4.0)

SPEC REPOS:
  https://github.com/cocoapods/specs.git:
    - Differ
    - RxSwift

EXTERNAL SOURCES:
  GRDB.swift:
    :branch: GRDB3
    :git: https://github.com/groue/GRDB.swift.git
  RxGRDB:
    :path: "."

CHECKOUT OPTIONS:
  GRDB.swift:
    :commit: ff69d3fbc3c255bdcb709a75330317236123d8ee
    :git: https://github.com/groue/GRDB.swift.git

SPEC CHECKSUMS:
  Differ: 061f3298ea9408494c43b530c44583e555884daf
  GRDB.swift: 9859cab1b990eac62ee550d3d2208ec1b44f76af
  RxGRDB: c69107bb2efe89aaea39e60817fc4dcf12deb816
  RxSwift: e49536837d9901277638493ea537394d4b55f570

PODFILE CHECKSUM: 3d782197abe7bbfd0452788f32003d41dfcb2f9f

COCOAPODS: 1.5.3
