PODS:
  - Differ (1.2.2)
  - GRDB.swift (2.10.0)
  - RxGRDB (0.10.0):
    - RxGRDB/default (= 0.10.0)
    - RxSwift (~> 4.0)
  - RxGRDB/default (0.10.0):
    - GRDB.swift (~> 2.6)
    - RxSwift (~> 4.0)
  - RxSwift (4.1.2)

DEPENDENCIES:
  - Differ (~> 1.0)
  - GRDB.swift (from `https://github.com/groue/GRDB.swift.git`, branch `GRDB3-Associations`)
  - RxGRDB (from `.`)
  - RxSwift (~> 4.0)

SPEC REPOS:
  https://github.com/CocoaPods/Specs.git:
    - Differ
    - RxSwift

EXTERNAL SOURCES:
  GRDB.swift:
    :branch: GRDB3-Associations
    :git: https://github.com/groue/GRDB.swift.git
  RxGRDB:
    :path: "."

CHECKOUT OPTIONS:
  GRDB.swift:
    :commit: 83104769ef9d7e35db14d415dfb5b90a6617cf06
    :git: https://github.com/groue/GRDB.swift.git

SPEC CHECKSUMS:
  Differ: 5ac7b6d0d3a60274b52a0ef087ec0e411b57db2c
  GRDB.swift: 9859cab1b990eac62ee550d3d2208ec1b44f76af
  RxGRDB: c69107bb2efe89aaea39e60817fc4dcf12deb816
  RxSwift: e49536837d9901277638493ea537394d4b55f570

PODFILE CHECKSUM: 347ff14fccf9b8dfd1c545204165b07c5a3de977

COCOAPODS: 1.5.0
