// !$*UTF8*$!
{
	archiveVersion = 1;
	classes = {
	};
	objectVersion = 52;
	objects = {

/* Begin PBXBuildFile section */
		565BD7C522C3F8D600BB9B5A /* AppDatabaseTests.swift in Sources */ = {isa = PBXBuildFile; fileRef = 565BD7C422C3F8D600BB9B5A /* AppDatabaseTests.swift */; };
		565BD7C622C3F92F00BB9B5A /* AppDatabase.swift in Sources */ = {isa = PBXBuildFile; fileRef = 56E1F9931F81021300793BFA /* AppDatabase.swift */; };
		565BD7C722C3F97900BB9B5A /* Player.swift in Sources */ = {isa = PBXBuildFile; fileRef = 56E1F9951F81033200793BFA /* Player.swift */; };
		565BD7C922C3FA8B00BB9B5A /* PlayersTests.swift in Sources */ = {isa = PBXBuildFile; fileRef = 565BD7C822C3FA8B00BB9B5A /* PlayersTests.swift */; };
		565BD7CA22C3FAA700BB9B5A /* Players.swift in Sources */ = {isa = PBXBuildFile; fileRef = 567515A322C3A9BC00A6FF66 /* Players.swift */; };
		565BD7D022C49D2100BB9B5A /* PlayersViewModelTests.swift in Sources */ = {isa = PBXBuildFile; fileRef = 565BD7CF22C49D2100BB9B5A /* PlayersViewModelTests.swift */; };
		565BD7D122C49D9800BB9B5A /* PlayersViewModel.swift in Sources */ = {isa = PBXBuildFile; fileRef = 567515A722C3B1F100A6FF66 /* PlayersViewModel.swift */; };
		565BD7D222C49E6600BB9B5A /* World.swift in Sources */ = {isa = PBXBuildFile; fileRef = 567515A122C3A7DC00A6FF66 /* World.swift */; };
		565BD7D922C5DEE800BB9B5A /* PlayerTests.swift in Sources */ = {isa = PBXBuildFile; fileRef = 565BD7D822C5DEE800BB9B5A /* PlayerTests.swift */; };
		567515A222C3A7DC00A6FF66 /* World.swift in Sources */ = {isa = PBXBuildFile; fileRef = 567515A122C3A7DC00A6FF66 /* World.swift */; };
		567515A422C3A9BC00A6FF66 /* Players.swift in Sources */ = {isa = PBXBuildFile; fileRef = 567515A322C3A9BC00A6FF66 /* Players.swift */; };
		567515A822C3B1F100A6FF66 /* PlayersViewModel.swift in Sources */ = {isa = PBXBuildFile; fileRef = 567515A722C3B1F100A6FF66 /* PlayersViewModel.swift */; };
		567CE94228CB747200A95C34 /* RxCocoa in Frameworks */ = {isa = PBXBuildFile; productRef = 567CE94128CB747200A95C34 /* RxCocoa */; };
		567E66D02438A6F80091B5D8 /* RxGRDB in Frameworks */ = {isa = PBXBuildFile; productRef = 567E66CF2438A6F80091B5D8 /* RxGRDB */; };
		56D6EA2F2438AB77000D55EF /* RxSwift in Frameworks */ = {isa = PBXBuildFile; productRef = 56D6EA2E2438AB77000D55EF /* RxSwift */; };
		56D6EA322438ABAE000D55EF /* RxDataSources in Frameworks */ = {isa = PBXBuildFile; productRef = 56D6EA312438ABAE000D55EF /* RxDataSources */; };
		56D6EA352438ABD7000D55EF /* Action in Frameworks */ = {isa = PBXBuildFile; productRef = 56D6EA342438ABD7000D55EF /* Action */; };
		56D6EA442438AF90000D55EF /* GRDB in Frameworks */ = {isa = PBXBuildFile; productRef = 56D6EA432438AF90000D55EF /* GRDB */; };
		56E1F97D1F8101EE00793BFA /* AppDelegate.swift in Sources */ = {isa = PBXBuildFile; fileRef = 56E1F97C1F8101EE00793BFA /* AppDelegate.swift */; };
		56E1F97F1F8101EE00793BFA /* PlayersViewController.swift in Sources */ = {isa = PBXBuildFile; fileRef = 56E1F97E1F8101EE00793BFA /* PlayersViewController.swift */; };
		56E1F9821F8101EE00793BFA /* Main.storyboard in Resources */ = {isa = PBXBuildFile; fileRef = 56E1F9801F8101EE00793BFA /* Main.storyboard */; };
		56E1F9841F8101EE00793BFA /* Assets.xcassets in Resources */ = {isa = PBXBuildFile; fileRef = 56E1F9831F8101EE00793BFA /* Assets.xcassets */; };
		56E1F9871F8101EE00793BFA /* LaunchScreen.storyboard in Resources */ = {isa = PBXBuildFile; fileRef = 56E1F9851F8101EE00793BFA /* LaunchScreen.storyboard */; };
		56E1F9941F81021300793BFA /* AppDatabase.swift in Sources */ = {isa = PBXBuildFile; fileRef = 56E1F9931F81021300793BFA /* AppDatabase.swift */; };
		56E1F9961F81033200793BFA /* Player.swift in Sources */ = {isa = PBXBuildFile; fileRef = 56E1F9951F81033200793BFA /* Player.swift */; };
		56E549F72438B4770060D2DC /* GRDB in Frameworks */ = {isa = PBXBuildFile; productRef = 56E549F62438B4770060D2DC /* GRDB */; };
		56E549F92438B49A0060D2DC /* RxSwift in Frameworks */ = {isa = PBXBuildFile; productRef = 56E549F82438B49A0060D2DC /* RxSwift */; };
		56E549FB2438B4A40060D2DC /* RxBlocking in Frameworks */ = {isa = PBXBuildFile; productRef = 56E549FA2438B4A40060D2DC /* RxBlocking */; };
		56E549FD2438B5510060D2DC /* RxGRDB in Frameworks */ = {isa = PBXBuildFile; productRef = 56E549FC2438B5510060D2DC /* RxGRDB */; };
		56E549FF2438B5670060D2DC /* Action in Frameworks */ = {isa = PBXBuildFile; productRef = 56E549FE2438B5670060D2DC /* Action */; };
/* End PBXBuildFile section */

/* Begin PBXContainerItemProxy section */
		565BD7BB22C3F84A00BB9B5A /* PBXContainerItemProxy */ = {
			isa = PBXContainerItemProxy;
			containerPortal = 56E1F9711F8101EE00793BFA /* Project object */;
			proxyType = 1;
			remoteGlobalIDString = 56E1F9781F8101EE00793BFA;
			remoteInfo = RxGRDBDemo;
		};
/* End PBXContainerItemProxy section */

/* Begin PBXCopyFilesBuildPhase section */
		569E8501200A5C720028D1EC /* Embed Frameworks */ = {
			isa = PBXCopyFilesBuildPhase;
			buildActionMask = 2147483647;
			dstPath = "";
			dstSubfolderSpec = 10;
			files = (
			);
			name = "Embed Frameworks";
			runOnlyForDeploymentPostprocessing = 0;
		};
/* End PBXCopyFilesBuildPhase section */

/* Begin PBXFileReference section */
		565BD7B622C3F84A00BB9B5A /* RxGRDBDemoTests.xctest */ = {isa = PBXFileReference; explicitFileType = wrapper.cfbundle; includeInIndex = 0; path = RxGRDBDemoTests.xctest; sourceTree = BUILT_PRODUCTS_DIR; };
		565BD7BA22C3F84A00BB9B5A /* Info.plist */ = {isa = PBXFileReference; lastKnownFileType = text.plist.xml; path = Info.plist; sourceTree = "<group>"; };
		565BD7C422C3F8D600BB9B5A /* AppDatabaseTests.swift */ = {isa = PBXFileReference; fileEncoding = 4; lastKnownFileType = sourcecode.swift; path = AppDatabaseTests.swift; sourceTree = "<group>"; };
		565BD7C822C3FA8B00BB9B5A /* PlayersTests.swift */ = {isa = PBXFileReference; lastKnownFileType = sourcecode.swift; path = PlayersTests.swift; sourceTree = "<group>"; };
		565BD7CF22C49D2100BB9B5A /* PlayersViewModelTests.swift */ = {isa = PBXFileReference; lastKnownFileType = sourcecode.swift; path = PlayersViewModelTests.swift; sourceTree = "<group>"; };
		565BD7D822C5DEE800BB9B5A /* PlayerTests.swift */ = {isa = PBXFileReference; lastKnownFileType = sourcecode.swift; path = PlayerTests.swift; sourceTree = "<group>"; };
		567515A122C3A7DC00A6FF66 /* World.swift */ = {isa = PBXFileReference; lastKnownFileType = sourcecode.swift; path = World.swift; sourceTree = "<group>"; };
		567515A322C3A9BC00A6FF66 /* Players.swift */ = {isa = PBXFileReference; lastKnownFileType = sourcecode.swift; path = Players.swift; sourceTree = "<group>"; };
		567515A722C3B1F100A6FF66 /* PlayersViewModel.swift */ = {isa = PBXFileReference; lastKnownFileType = sourcecode.swift; path = PlayersViewModel.swift; sourceTree = "<group>"; };
		567E66CD2438A6730091B5D8 /* RxGRDB */ = {isa = PBXFileReference; lastKnownFileType = folder; name = RxGRDB; path = ../..; sourceTree = "<group>"; };
		56E1F9791F8101EE00793BFA /* RxGRDBDemo.app */ = {isa = PBXFileReference; explicitFileType = wrapper.application; includeInIndex = 0; path = RxGRDBDemo.app; sourceTree = BUILT_PRODUCTS_DIR; };
		56E1F97C1F8101EE00793BFA /* AppDelegate.swift */ = {isa = PBXFileReference; lastKnownFileType = sourcecode.swift; path = AppDelegate.swift; sourceTree = "<group>"; };
		56E1F97E1F8101EE00793BFA /* PlayersViewController.swift */ = {isa = PBXFileReference; lastKnownFileType = sourcecode.swift; path = PlayersViewController.swift; sourceTree = "<group>"; };
		56E1F9811F8101EE00793BFA /* Base */ = {isa = PBXFileReference; lastKnownFileType = file.storyboard; name = Base; path = Base.lproj/Main.storyboard; sourceTree = "<group>"; };
		56E1F9831F8101EE00793BFA /* Assets.xcassets */ = {isa = PBXFileReference; lastKnownFileType = folder.assetcatalog; path = Assets.xcassets; sourceTree = "<group>"; };
		56E1F9861F8101EE00793BFA /* Base */ = {isa = PBXFileReference; lastKnownFileType = file.storyboard; name = Base; path = Base.lproj/LaunchScreen.storyboard; sourceTree = "<group>"; };
		56E1F9881F8101EE00793BFA /* Info.plist */ = {isa = PBXFileReference; lastKnownFileType = text.plist.xml; path = Info.plist; sourceTree = "<group>"; };
		56E1F9931F81021300793BFA /* AppDatabase.swift */ = {isa = PBXFileReference; lastKnownFileType = sourcecode.swift; path = AppDatabase.swift; sourceTree = "<group>"; };
		56E1F9951F81033200793BFA /* Player.swift */ = {isa = PBXFileReference; lastKnownFileType = sourcecode.swift; path = Player.swift; sourceTree = "<group>"; };
/* End PBXFileReference section */

/* Begin PBXFrameworksBuildPhase section */
		565BD7B322C3F84A00BB9B5A /* Frameworks */ = {
			isa = PBXFrameworksBuildPhase;
			buildActionMask = 2147483647;
			files = (
				56E549FF2438B5670060D2DC /* Action in Frameworks */,
				56E549F92438B49A0060D2DC /* RxSwift in Frameworks */,
				56E549FB2438B4A40060D2DC /* RxBlocking in Frameworks */,
				56E549F72438B4770060D2DC /* GRDB in Frameworks */,
				56E549FD2438B5510060D2DC /* RxGRDB in Frameworks */,
			);
			runOnlyForDeploymentPostprocessing = 0;
		};
		56E1F9761F8101EE00793BFA /* Frameworks */ = {
			isa = PBXFrameworksBuildPhase;
			buildActionMask = 2147483647;
			files = (
				567CE94228CB747200A95C34 /* RxCocoa in Frameworks */,
				56D6EA352438ABD7000D55EF /* Action in Frameworks */,
				56D6EA442438AF90000D55EF /* GRDB in Frameworks */,
				56D6EA322438ABAE000D55EF /* RxDataSources in Frameworks */,
				56D6EA2F2438AB77000D55EF /* RxSwift in Frameworks */,
				567E66D02438A6F80091B5D8 /* RxGRDB in Frameworks */,
			);
			runOnlyForDeploymentPostprocessing = 0;
		};
/* End PBXFrameworksBuildPhase section */

/* Begin PBXGroup section */
		565BD7B722C3F84A00BB9B5A /* RxGRDBDemoTests */ = {
			isa = PBXGroup;
			children = (
				565BD7BA22C3F84A00BB9B5A /* Info.plist */,
				565BD7C422C3F8D600BB9B5A /* AppDatabaseTests.swift */,
				565BD7C822C3FA8B00BB9B5A /* PlayersTests.swift */,
				565BD7CF22C49D2100BB9B5A /* PlayersViewModelTests.swift */,
				565BD7D822C5DEE800BB9B5A /* PlayerTests.swift */,
			);
			path = RxGRDBDemoTests;
			sourceTree = "<group>";
		};
		5675159E22C3A77800A6FF66 /* Models */ = {
			isa = PBXGroup;
			children = (
				56E1F9951F81033200793BFA /* Player.swift */,
				567515A322C3A9BC00A6FF66 /* Players.swift */,
			);
			path = Models;
			sourceTree = "<group>";
		};
		5675159F22C3A7AE00A6FF66 /* UI */ = {
			isa = PBXGroup;
			children = (
				56E1F97E1F8101EE00793BFA /* PlayersViewController.swift */,
				567515A722C3B1F100A6FF66 /* PlayersViewModel.swift */,
			);
			path = UI;
			sourceTree = "<group>";
		};
		567515A022C3A7BA00A6FF66 /* Resources */ = {
			isa = PBXGroup;
			children = (
				56E1F9831F8101EE00793BFA /* Assets.xcassets */,
				56E1F9851F8101EE00793BFA /* LaunchScreen.storyboard */,
				56E1F9801F8101EE00793BFA /* Main.storyboard */,
			);
			path = Resources;
			sourceTree = "<group>";
		};
		567E66CE2438A6F80091B5D8 /* Frameworks */ = {
			isa = PBXGroup;
			children = (
			);
			name = Frameworks;
			sourceTree = "<group>";
		};
		56E1F9701F8101EE00793BFA = {
			isa = PBXGroup;
			children = (
				56E1F97B1F8101EE00793BFA /* RxGRDBDemo */,
				565BD7B722C3F84A00BB9B5A /* RxGRDBDemoTests */,
				56E1F97A1F8101EE00793BFA /* Products */,
				567E66CD2438A6730091B5D8 /* RxGRDB */,
				567E66CE2438A6F80091B5D8 /* Frameworks */,
			);
			sourceTree = "<group>";
		};
		56E1F97A1F8101EE00793BFA /* Products */ = {
			isa = PBXGroup;
			children = (
				56E1F9791F8101EE00793BFA /* RxGRDBDemo.app */,
				565BD7B622C3F84A00BB9B5A /* RxGRDBDemoTests.xctest */,
			);
			name = Products;
			sourceTree = "<group>";
		};
		56E1F97B1F8101EE00793BFA /* RxGRDBDemo */ = {
			isa = PBXGroup;
			children = (
				56E1F9881F8101EE00793BFA /* Info.plist */,
				56E1F9931F81021300793BFA /* AppDatabase.swift */,
				56E1F97C1F8101EE00793BFA /* AppDelegate.swift */,
				567515A122C3A7DC00A6FF66 /* World.swift */,
				5675159E22C3A77800A6FF66 /* Models */,
				5675159F22C3A7AE00A6FF66 /* UI */,
				567515A022C3A7BA00A6FF66 /* Resources */,
			);
			path = RxGRDBDemo;
			sourceTree = "<group>";
		};
/* End PBXGroup section */

/* Begin PBXNativeTarget section */
		565BD7B522C3F84A00BB9B5A /* RxGRDBDemoTests */ = {
			isa = PBXNativeTarget;
			buildConfigurationList = 565BD7BD22C3F84A00BB9B5A /* Build configuration list for PBXNativeTarget "RxGRDBDemoTests" */;
			buildPhases = (
				565BD7B222C3F84A00BB9B5A /* Sources */,
				565BD7B322C3F84A00BB9B5A /* Frameworks */,
				565BD7B422C3F84A00BB9B5A /* Resources */,
			);
			buildRules = (
			);
			dependencies = (
				565BD7BC22C3F84A00BB9B5A /* PBXTargetDependency */,
			);
			name = RxGRDBDemoTests;
			packageProductDependencies = (
				56E549F62438B4770060D2DC /* GRDB */,
				56E549F82438B49A0060D2DC /* RxSwift */,
				56E549FA2438B4A40060D2DC /* RxBlocking */,
				56E549FC2438B5510060D2DC /* RxGRDB */,
				56E549FE2438B5670060D2DC /* Action */,
			);
			productName = RxGRDBDemoTests;
			productReference = 565BD7B622C3F84A00BB9B5A /* RxGRDBDemoTests.xctest */;
			productType = "com.apple.product-type.bundle.unit-test";
		};
		56E1F9781F8101EE00793BFA /* RxGRDBDemo */ = {
			isa = PBXNativeTarget;
			buildConfigurationList = 56E1F98B1F8101EE00793BFA /* Build configuration list for PBXNativeTarget "RxGRDBDemo" */;
			buildPhases = (
				56E1F9751F8101EE00793BFA /* Sources */,
				56E1F9761F8101EE00793BFA /* Frameworks */,
				56E1F9771F8101EE00793BFA /* Resources */,
				569E8501200A5C720028D1EC /* Embed Frameworks */,
			);
			buildRules = (
			);
			dependencies = (
			);
			name = RxGRDBDemo;
			packageProductDependencies = (
				567E66CF2438A6F80091B5D8 /* RxGRDB */,
				56D6EA2E2438AB77000D55EF /* RxSwift */,
				56D6EA312438ABAE000D55EF /* RxDataSources */,
				56D6EA342438ABD7000D55EF /* Action */,
				56D6EA432438AF90000D55EF /* GRDB */,
				567CE94128CB747200A95C34 /* RxCocoa */,
			);
			productName = RxGRDBDemo;
			productReference = 56E1F9791F8101EE00793BFA /* RxGRDBDemo.app */;
			productType = "com.apple.product-type.application";
		};
/* End PBXNativeTarget section */

/* Begin PBXProject section */
		56E1F9711F8101EE00793BFA /* Project object */ = {
			isa = PBXProject;
			attributes = {
				LastSwiftUpdateCheck = 1020;
				LastUpgradeCheck = 1230;
				ORGANIZATIONNAME = "Gwendal Roué";
				TargetAttributes = {
					565BD7B522C3F84A00BB9B5A = {
						CreatedOnToolsVersion = 10.2.1;
						ProvisioningStyle = Automatic;
						TestTargetID = 56E1F9781F8101EE00793BFA;
					};
					56E1F9781F8101EE00793BFA = {
						CreatedOnToolsVersion = 9.0;
						ProvisioningStyle = Automatic;
					};
				};
			};
			buildConfigurationList = 56E1F9741F8101EE00793BFA /* Build configuration list for PBXProject "RxGRDBDemo" */;
			compatibilityVersion = "Xcode 8.0";
			developmentRegion = en;
			hasScannedForEncodings = 0;
			knownRegions = (
				en,
				Base,
			);
			mainGroup = 56E1F9701F8101EE00793BFA;
			packageReferences = (
				56D6EA2D2438AB77000D55EF /* XCRemoteSwiftPackageReference "RxSwift" */,
				56D6EA302438ABAE000D55EF /* XCRemoteSwiftPackageReference "RxDataSources" */,
				56D6EA332438ABD7000D55EF /* XCRemoteSwiftPackageReference "Action" */,
				56D6EA422438AF90000D55EF /* XCRemoteSwiftPackageReference "GRDB.swift" */,
			);
			productRefGroup = 56E1F97A1F8101EE00793BFA /* Products */;
			projectDirPath = "";
			projectRoot = "";
			targets = (
				56E1F9781F8101EE00793BFA /* RxGRDBDemo */,
				565BD7B522C3F84A00BB9B5A /* RxGRDBDemoTests */,
			);
		};
/* End PBXProject section */

/* Begin PBXResourcesBuildPhase section */
		565BD7B422C3F84A00BB9B5A /* Resources */ = {
			isa = PBXResourcesBuildPhase;
			buildActionMask = 2147483647;
			files = (
			);
			runOnlyForDeploymentPostprocessing = 0;
		};
		56E1F9771F8101EE00793BFA /* Resources */ = {
			isa = PBXResourcesBuildPhase;
			buildActionMask = 2147483647;
			files = (
				56E1F9871F8101EE00793BFA /* LaunchScreen.storyboard in Resources */,
				56E1F9841F8101EE00793BFA /* Assets.xcassets in Resources */,
				56E1F9821F8101EE00793BFA /* Main.storyboard in Resources */,
			);
			runOnlyForDeploymentPostprocessing = 0;
		};
/* End PBXResourcesBuildPhase section */

/* Begin PBXSourcesBuildPhase section */
		565BD7B222C3F84A00BB9B5A /* Sources */ = {
			isa = PBXSourcesBuildPhase;
			buildActionMask = 2147483647;
			files = (
				565BD7D922C5DEE800BB9B5A /* PlayerTests.swift in Sources */,
				565BD7D122C49D9800BB9B5A /* PlayersViewModel.swift in Sources */,
				565BD7C922C3FA8B00BB9B5A /* PlayersTests.swift in Sources */,
				565BD7CA22C3FAA700BB9B5A /* Players.swift in Sources */,
				565BD7C622C3F92F00BB9B5A /* AppDatabase.swift in Sources */,
				565BD7D022C49D2100BB9B5A /* PlayersViewModelTests.swift in Sources */,
				565BD7C722C3F97900BB9B5A /* Player.swift in Sources */,
				565BD7D222C49E6600BB9B5A /* World.swift in Sources */,
				565BD7C522C3F8D600BB9B5A /* AppDatabaseTests.swift in Sources */,
			);
			runOnlyForDeploymentPostprocessing = 0;
		};
		56E1F9751F8101EE00793BFA /* Sources */ = {
			isa = PBXSourcesBuildPhase;
			buildActionMask = 2147483647;
			files = (
				567515A422C3A9BC00A6FF66 /* Players.swift in Sources */,
				56E1F9961F81033200793BFA /* Player.swift in Sources */,
				56E1F9941F81021300793BFA /* AppDatabase.swift in Sources */,
				567515A822C3B1F100A6FF66 /* PlayersViewModel.swift in Sources */,
				56E1F97F1F8101EE00793BFA /* PlayersViewController.swift in Sources */,
				56E1F97D1F8101EE00793BFA /* AppDelegate.swift in Sources */,
				567515A222C3A7DC00A6FF66 /* World.swift in Sources */,
			);
			runOnlyForDeploymentPostprocessing = 0;
		};
/* End PBXSourcesBuildPhase section */

/* Begin PBXTargetDependency section */
		565BD7BC22C3F84A00BB9B5A /* PBXTargetDependency */ = {
			isa = PBXTargetDependency;
			target = 56E1F9781F8101EE00793BFA /* RxGRDBDemo */;
			targetProxy = 565BD7BB22C3F84A00BB9B5A /* PBXContainerItemProxy */;
		};
/* End PBXTargetDependency section */

/* Begin PBXVariantGroup section */
		56E1F9801F8101EE00793BFA /* Main.storyboard */ = {
			isa = PBXVariantGroup;
			children = (
				56E1F9811F8101EE00793BFA /* Base */,
			);
			name = Main.storyboard;
			sourceTree = "<group>";
		};
		56E1F9851F8101EE00793BFA /* LaunchScreen.storyboard */ = {
			isa = PBXVariantGroup;
			children = (
				56E1F9861F8101EE00793BFA /* Base */,
			);
			name = LaunchScreen.storyboard;
			sourceTree = "<group>";
		};
/* End PBXVariantGroup section */

/* Begin XCBuildConfiguration section */
		565BD7BE22C3F84A00BB9B5A /* Debug */ = {
			isa = XCBuildConfiguration;
			buildSettings = {
				CLANG_ENABLE_OBJC_WEAK = YES;
				CODE_SIGN_STYLE = Automatic;
				DEVELOPMENT_TEAM = AMD8W895CT;
				INFOPLIST_FILE = RxGRDBDemoTests/Info.plist;
				IPHONEOS_DEPLOYMENT_TARGET = 12.2;
				LD_RUNPATH_SEARCH_PATHS = (
					"$(inherited)",
					"@executable_path/Frameworks",
					"@loader_path/Frameworks",
				);
				MTL_ENABLE_DEBUG_INFO = INCLUDE_SOURCE;
				MTL_FAST_MATH = YES;
				OTHER_SWIFT_FLAGS = "-Xcc -fmodule-map-file=$(PROJECT_TEMP_ROOT)/GeneratedModuleMaps-$(PLATFORM_NAME)/RxCocoaRuntime.modulemap";
				PRODUCT_BUNDLE_IDENTIFIER = com.github.groue.RxGRDBDemoTests;
				PRODUCT_NAME = "$(TARGET_NAME)";
				SWIFT_VERSION = 5.0;
				TARGETED_DEVICE_FAMILY = "1,2";
				TEST_HOST = "$(BUILT_PRODUCTS_DIR)/RxGRDBDemo.app/RxGRDBDemo";
			};
			name = Debug;
		};
		565BD7BF22C3F84A00BB9B5A /* Release */ = {
			isa = XCBuildConfiguration;
			buildSettings = {
				CLANG_ENABLE_OBJC_WEAK = YES;
				CODE_SIGN_STYLE = Automatic;
				DEVELOPMENT_TEAM = AMD8W895CT;
				INFOPLIST_FILE = RxGRDBDemoTests/Info.plist;
				IPHONEOS_DEPLOYMENT_TARGET = 12.2;
				LD_RUNPATH_SEARCH_PATHS = (
					"$(inherited)",
					"@executable_path/Frameworks",
					"@loader_path/Frameworks",
				);
				MTL_FAST_MATH = YES;
				OTHER_SWIFT_FLAGS = "-Xcc -fmodule-map-file=$(PROJECT_TEMP_ROOT)/GeneratedModuleMaps-$(PLATFORM_NAME)/RxCocoaRuntime.modulemap";
				PRODUCT_BUNDLE_IDENTIFIER = com.github.groue.RxGRDBDemoTests;
				PRODUCT_NAME = "$(TARGET_NAME)";
				SWIFT_VERSION = 5.0;
				TARGETED_DEVICE_FAMILY = "1,2";
				TEST_HOST = "$(BUILT_PRODUCTS_DIR)/RxGRDBDemo.app/RxGRDBDemo";
			};
			name = Release;
		};
		56E1F9891F8101EE00793BFA /* Debug */ = {
			isa = XCBuildConfiguration;
			buildSettings = {
				ALWAYS_SEARCH_USER_PATHS = NO;
				CLANG_ANALYZER_NONNULL = YES;
				CLANG_ANALYZER_NUMBER_OBJECT_CONVERSION = YES_AGGRESSIVE;
				CLANG_CXX_LANGUAGE_STANDARD = "gnu++14";
				CLANG_CXX_LIBRARY = "libc++";
				CLANG_ENABLE_MODULES = YES;
				CLANG_ENABLE_OBJC_ARC = YES;
				CLANG_WARN_BLOCK_CAPTURE_AUTORELEASING = YES;
				CLANG_WARN_BOOL_CONVERSION = YES;
				CLANG_WARN_COMMA = YES;
				CLANG_WARN_CONSTANT_CONVERSION = YES;
				CLANG_WARN_DEPRECATED_OBJC_IMPLEMENTATIONS = YES;
				CLANG_WARN_DIRECT_OBJC_ISA_USAGE = YES_ERROR;
				CLANG_WARN_DOCUMENTATION_COMMENTS = YES;
				CLANG_WARN_EMPTY_BODY = YES;
				CLANG_WARN_ENUM_CONVERSION = YES;
				CLANG_WARN_INFINITE_RECURSION = YES;
				CLANG_WARN_INT_CONVERSION = YES;
				CLANG_WARN_NON_LITERAL_NULL_CONVERSION = YES;
				CLANG_WARN_OBJC_IMPLICIT_RETAIN_SELF = YES;
				CLANG_WARN_OBJC_LITERAL_CONVERSION = YES;
				CLANG_WARN_OBJC_ROOT_CLASS = YES_ERROR;
				CLANG_WARN_QUOTED_INCLUDE_IN_FRAMEWORK_HEADER = YES;
				CLANG_WARN_RANGE_LOOP_ANALYSIS = YES;
				CLANG_WARN_STRICT_PROTOTYPES = YES;
				CLANG_WARN_SUSPICIOUS_MOVE = YES;
				CLANG_WARN_UNGUARDED_AVAILABILITY = YES_AGGRESSIVE;
				CLANG_WARN_UNREACHABLE_CODE = YES;
				CLANG_WARN__DUPLICATE_METHOD_MATCH = YES;
				CODE_SIGN_IDENTITY = "iPhone Developer";
				COPY_PHASE_STRIP = NO;
				DEBUG_INFORMATION_FORMAT = dwarf;
				ENABLE_STRICT_OBJC_MSGSEND = YES;
				ENABLE_TESTABILITY = YES;
				GCC_C_LANGUAGE_STANDARD = gnu11;
				GCC_DYNAMIC_NO_PIC = NO;
				GCC_NO_COMMON_BLOCKS = YES;
				GCC_OPTIMIZATION_LEVEL = 0;
				GCC_PREPROCESSOR_DEFINITIONS = (
					"DEBUG=1",
					"$(inherited)",
				);
				GCC_WARN_64_TO_32_BIT_CONVERSION = YES;
				GCC_WARN_ABOUT_RETURN_TYPE = YES_ERROR;
				GCC_WARN_UNDECLARED_SELECTOR = YES;
				GCC_WARN_UNINITIALIZED_AUTOS = YES_AGGRESSIVE;
				GCC_WARN_UNUSED_FUNCTION = YES;
				GCC_WARN_UNUSED_VARIABLE = YES;
				MTL_ENABLE_DEBUG_INFO = YES;
				ONLY_ACTIVE_ARCH = YES;
				SDKROOT = iphoneos;
				SWIFT_ACTIVE_COMPILATION_CONDITIONS = DEBUG;
				SWIFT_OPTIMIZATION_LEVEL = "-Onone";
				SWIFT_VERSION = 5.0;
			};
			name = Debug;
		};
		56E1F98A1F8101EE00793BFA /* Release */ = {
			isa = XCBuildConfiguration;
			buildSettings = {
				ALWAYS_SEARCH_USER_PATHS = NO;
				CLANG_ANALYZER_NONNULL = YES;
				CLANG_ANALYZER_NUMBER_OBJECT_CONVERSION = YES_AGGRESSIVE;
				CLANG_CXX_LANGUAGE_STANDARD = "gnu++14";
				CLANG_CXX_LIBRARY = "libc++";
				CLANG_ENABLE_MODULES = YES;
				CLANG_ENABLE_OBJC_ARC = YES;
				CLANG_WARN_BLOCK_CAPTURE_AUTORELEASING = YES;
				CLANG_WARN_BOOL_CONVERSION = YES;
				CLANG_WARN_COMMA = YES;
				CLANG_WARN_CONSTANT_CONVERSION = YES;
				CLANG_WARN_DEPRECATED_OBJC_IMPLEMENTATIONS = YES;
				CLANG_WARN_DIRECT_OBJC_ISA_USAGE = YES_ERROR;
				CLANG_WARN_DOCUMENTATION_COMMENTS = YES;
				CLANG_WARN_EMPTY_BODY = YES;
				CLANG_WARN_ENUM_CONVERSION = YES;
				CLANG_WARN_INFINITE_RECURSION = YES;
				CLANG_WARN_INT_CONVERSION = YES;
				CLANG_WARN_NON_LITERAL_NULL_CONVERSION = YES;
				CLANG_WARN_OBJC_IMPLICIT_RETAIN_SELF = YES;
				CLANG_WARN_OBJC_LITERAL_CONVERSION = YES;
				CLANG_WARN_OBJC_ROOT_CLASS = YES_ERROR;
				CLANG_WARN_QUOTED_INCLUDE_IN_FRAMEWORK_HEADER = YES;
				CLANG_WARN_RANGE_LOOP_ANALYSIS = YES;
				CLANG_WARN_STRICT_PROTOTYPES = YES;
				CLANG_WARN_SUSPICIOUS_MOVE = YES;
				CLANG_WARN_UNGUARDED_AVAILABILITY = YES_AGGRESSIVE;
				CLANG_WARN_UNREACHABLE_CODE = YES;
				CLANG_WARN__DUPLICATE_METHOD_MATCH = YES;
				CODE_SIGN_IDENTITY = "iPhone Developer";
				COPY_PHASE_STRIP = NO;
				DEBUG_INFORMATION_FORMAT = "dwarf-with-dsym";
				ENABLE_NS_ASSERTIONS = NO;
				ENABLE_STRICT_OBJC_MSGSEND = YES;
				GCC_C_LANGUAGE_STANDARD = gnu11;
				GCC_NO_COMMON_BLOCKS = YES;
				GCC_WARN_64_TO_32_BIT_CONVERSION = YES;
				GCC_WARN_ABOUT_RETURN_TYPE = YES_ERROR;
				GCC_WARN_UNDECLARED_SELECTOR = YES;
				GCC_WARN_UNINITIALIZED_AUTOS = YES_AGGRESSIVE;
				GCC_WARN_UNUSED_FUNCTION = YES;
				GCC_WARN_UNUSED_VARIABLE = YES;
				MTL_ENABLE_DEBUG_INFO = NO;
				SDKROOT = iphoneos;
				SWIFT_COMPILATION_MODE = wholemodule;
				SWIFT_OPTIMIZATION_LEVEL = "-O";
				SWIFT_VERSION = 5.0;
				VALIDATE_PRODUCT = YES;
			};
			name = Release;
		};
		56E1F98C1F8101EE00793BFA /* Debug */ = {
			isa = XCBuildConfiguration;
			buildSettings = {
				ASSETCATALOG_COMPILER_APPICON_NAME = AppIcon;
				CODE_SIGN_STYLE = Automatic;
				DEVELOPMENT_TEAM = AMD8W895CT;
				INFOPLIST_FILE = RxGRDBDemo/Info.plist;
				LD_RUNPATH_SEARCH_PATHS = (
					"$(inherited)",
					"@executable_path/Frameworks",
				);
				PRODUCT_BUNDLE_IDENTIFIER = com.github.groue.RxGRDBDemo;
				PRODUCT_NAME = "$(TARGET_NAME)";
				TARGETED_DEVICE_FAMILY = "1,2";
			};
			name = Debug;
		};
		56E1F98D1F8101EE00793BFA /* Release */ = {
			isa = XCBuildConfiguration;
			buildSettings = {
				ASSETCATALOG_COMPILER_APPICON_NAME = AppIcon;
				CODE_SIGN_STYLE = Automatic;
				DEVELOPMENT_TEAM = AMD8W895CT;
				INFOPLIST_FILE = RxGRDBDemo/Info.plist;
				LD_RUNPATH_SEARCH_PATHS = (
					"$(inherited)",
					"@executable_path/Frameworks",
				);
				PRODUCT_BUNDLE_IDENTIFIER = com.github.groue.RxGRDBDemo;
				PRODUCT_NAME = "$(TARGET_NAME)";
				TARGETED_DEVICE_FAMILY = "1,2";
			};
			name = Release;
		};
/* End XCBuildConfiguration section */

/* Begin XCConfigurationList section */
		565BD7BD22C3F84A00BB9B5A /* Build configuration list for PBXNativeTarget "RxGRDBDemoTests" */ = {
			isa = XCConfigurationList;
			buildConfigurations = (
				565BD7BE22C3F84A00BB9B5A /* Debug */,
				565BD7BF22C3F84A00BB9B5A /* Release */,
			);
			defaultConfigurationIsVisible = 0;
			defaultConfigurationName = Release;
		};
		56E1F9741F8101EE00793BFA /* Build configuration list for PBXProject "RxGRDBDemo" */ = {
			isa = XCConfigurationList;
			buildConfigurations = (
				56E1F9891F8101EE00793BFA /* Debug */,
				56E1F98A1F8101EE00793BFA /* Release */,
			);
			defaultConfigurationIsVisible = 0;
			defaultConfigurationName = Release;
		};
		56E1F98B1F8101EE00793BFA /* Build configuration list for PBXNativeTarget "RxGRDBDemo" */ = {
			isa = XCConfigurationList;
			buildConfigurations = (
				56E1F98C1F8101EE00793BFA /* Debug */,
				56E1F98D1F8101EE00793BFA /* Release */,
			);
			defaultConfigurationIsVisible = 0;
			defaultConfigurationName = Release;
		};
/* End XCConfigurationList section */

/* Begin XCRemoteSwiftPackageReference section */
		56D6EA2D2438AB77000D55EF /* XCRemoteSwiftPackageReference "RxSwift" */ = {
			isa = XCRemoteSwiftPackageReference;
			repositoryURL = "https://github.com/ReactiveX/RxSwift.git";
			requirement = {
				kind = upToNextMajorVersion;
				minimumVersion = 6.0.0;
			};
		};
		56D6EA302438ABAE000D55EF /* XCRemoteSwiftPackageReference "RxDataSources" */ = {
			isa = XCRemoteSwiftPackageReference;
			repositoryURL = "https://github.com/RxSwiftCommunity/RxDataSources.git";
			requirement = {
				kind = upToNextMajorVersion;
				minimumVersion = 5.0.0;
			};
		};
		56D6EA332438ABD7000D55EF /* XCRemoteSwiftPackageReference "Action" */ = {
			isa = XCRemoteSwiftPackageReference;
			repositoryURL = "https://github.com/RxSwiftCommunity/Action.git";
			requirement = {
				kind = upToNextMajorVersion;
				minimumVersion = 4.0.1;
			};
		};
		56D6EA422438AF90000D55EF /* XCRemoteSwiftPackageReference "GRDB.swift" */ = {
			isa = XCRemoteSwiftPackageReference;
			repositoryURL = "https://github.com/groue/GRDB.swift.git";
			requirement = {
				kind = upToNextMajorVersion;
				minimumVersion = 6.0.0;
			};
		};
/* End XCRemoteSwiftPackageReference section */

/* Begin XCSwiftPackageProductDependency section */
		567CE94128CB747200A95C34 /* RxCocoa */ = {
			isa = XCSwiftPackageProductDependency;
			package = 56D6EA2D2438AB77000D55EF /* XCRemoteSwiftPackageReference "RxSwift" */;
			productName = RxCocoa;
		};
		567E66CF2438A6F80091B5D8 /* RxGRDB */ = {
			isa = XCSwiftPackageProductDependency;
			productName = RxGRDB;
		};
		56D6EA2E2438AB77000D55EF /* RxSwift */ = {
			isa = XCSwiftPackageProductDependency;
			package = 56D6EA2D2438AB77000D55EF /* XCRemoteSwiftPackageReference "RxSwift" */;
			productName = RxSwift;
		};
		56D6EA312438ABAE000D55EF /* RxDataSources */ = {
			isa = XCSwiftPackageProductDependency;
			package = 56D6EA302438ABAE000D55EF /* XCRemoteSwiftPackageReference "RxDataSources" */;
			productName = RxDataSources;
		};
		56D6EA342438ABD7000D55EF /* Action */ = {
			isa = XCSwiftPackageProductDependency;
			package = 56D6EA332438ABD7000D55EF /* XCRemoteSwiftPackageReference "Action" */;
			productName = Action;
		};
		56D6EA432438AF90000D55EF /* GRDB */ = {
			isa = XCSwiftPackageProductDependency;
			package = 56D6EA422438AF90000D55EF /* XCRemoteSwiftPackageReference "GRDB.swift" */;
			productName = GRDB;
		};
		56E549F62438B4770060D2DC /* GRDB */ = {
			isa = XCSwiftPackageProductDependency;
			package = 56D6EA422438AF90000D55EF /* XCRemoteSwiftPackageReference "GRDB.swift" */;
			productName = GRDB;
		};
		56E549F82438B49A0060D2DC /* RxSwift */ = {
			isa = XCSwiftPackageProductDependency;
			package = 56D6EA2D2438AB77000D55EF /* XCRemoteSwiftPackageReference "RxSwift" */;
			productName = RxSwift;
		};
		56E549FA2438B4A40060D2DC /* RxBlocking */ = {
			isa = XCSwiftPackageProductDependency;
			package = 56D6EA2D2438AB77000D55EF /* XCRemoteSwiftPackageReference "RxSwift" */;
			productName = RxBlocking;
		};
		56E549FC2438B5510060D2DC /* RxGRDB */ = {
			isa = XCSwiftPackageProductDependency;
			productName = RxGRDB;
		};
		56E549FE2438B5670060D2DC /* Action */ = {
			isa = XCSwiftPackageProductDependency;
			package = 56D6EA332438ABD7000D55EF /* XCRemoteSwiftPackageReference "Action" */;
			productName = Action;
		};
/* End XCSwiftPackageProductDependency section */
	};
	rootObject = 56E1F9711F8101EE00793BFA /* Project object */;
}
