PODS:
  - GRDB.swift (4.0.0):
    - GRDB.swift/standard (= 4.0.0)
  - GRDB.swift/standard (4.0.0)
  - RxGRDB (0.13.0):
    - RxGRDB/default (= 0.13.0)
    - RxSwift (~> 5.0)
  - RxGRDB/default (0.13.0):
    - GRDB.swift (~> 4.0)
    - RxSwift (~> 5.0)
  - RxSwift (5.0.0)

DEPENDENCIES:
  - RxGRDB (from `../../..`)

SPEC REPOS:
  https://github.com/cocoapods/specs.git:
    - GRDB.swift
    - RxSwift

EXTERNAL SOURCES:
  RxGRDB:
    :path: "../../.."

SPEC CHECKSUMS:
  GRDB.swift: 30cf6c14fea491549b654d7649493320ed7e93ed
  RxGRDB: b46d8b925f5a4defa970d5e3b4f079363c3eb365
  RxSwift: 8b0671caa829a763bbce7271095859121cbd895f

PODFILE CHECKSUM: e57d171245ce1e152fc834d172fa16111494197e

COCOAPODS: 1.7.0
